<?xml version="1.0" encoding="utf-8"?>
<Project ToolsVersion="4.0" xmlns="http://schemas.microsoft.com/developer/msbuild/2003">
  <ItemGroup>
    <Filter Include="Fichiers sources">
      <UniqueIdentifier>{4FC737F1-C7A5-4376-A066-2A32D752A2FF}</UniqueIdentifier>
      <Extensions>cpp;c;cc;cxx;def;odl;idl;hpj;bat;asm;asmx</Extensions>
    </Filter>
    <Filter Include="Fichiers d%27en-tête">
      <UniqueIdentifier>{93995380-89BD-4b04-88EB-625FBE52EBFB}</UniqueIdentifier>
      <Extensions>h;hh;hpp;hxx;hm;inl;inc;ipp;xsd</Extensions>
    </Filter>
    <Filter Include="Fichiers de ressources">
      <UniqueIdentifier>{67DA6AB6-F800-4c08-8B7A-83BB121AAD01}</UniqueIdentifier>
      <Extensions>rc;ico;cur;bmp;dlg;rc2;rct;bin;rgs;gif;jpg;jpeg;jpe;resx;tiff;tif;png;wav;mfcribbon-ms</Extensions>
    </Filter>
    <Filter Include="Fichiers d%27en-tête\ComponentSystem">
      <UniqueIdentifier>{3d459ff6-4f69-41c9-81ee-915bbcf9b231}</UniqueIdentifier>
    </Filter>
    <Filter Include="Fichiers d%27en-tête\Core">
      <UniqueIdentifier>{da162077-6219-44b5-ae66-50548b13e95a}</UniqueIdentifier>
    </Filter>
    <Filter Include="Fichiers d%27en-tête\Core\Render">
      <UniqueIdentifier>{edee33e7-ac0c-4fb6-9f0b-24fc4b50ec55}</UniqueIdentifier>
    </Filter>
    <Filter Include="Fichiers d%27en-tête\Debug">
      <UniqueIdentifier>{15fb8036-0194-4de0-b566-057b0c805aac}</UniqueIdentifier>
    </Filter>
    <Filter Include="Fichiers d%27en-tête\Inputs">
      <UniqueIdentifier>{62492750-568f-42fe-88ce-f95971701ac4}</UniqueIdentifier>
    </Filter>
    <Filter Include="Fichiers d%27en-tête\Libraries">
      <UniqueIdentifier>{cbfd86c2-fad2-4060-b7d8-cb82865919cf}</UniqueIdentifier>
    </Filter>
    <Filter Include="Fichiers d%27en-tête\Libraries\Assimp">
      <UniqueIdentifier>{ae1d97df-9707-457a-a27f-552fb3c989a0}</UniqueIdentifier>
    </Filter>
    <Filter Include="Fichiers d%27en-tête\Libraries\Assimp\Compiler">
      <UniqueIdentifier>{1b38842a-0bd5-4f9f-ab69-78fb0e36ae74}</UniqueIdentifier>
    </Filter>
    <Filter Include="Fichiers d%27en-tête\Libraries\Assimp\port">
      <UniqueIdentifier>{7dcb09f3-6ebc-4e06-89aa-e106d64d8138}</UniqueIdentifier>
    </Filter>
    <Filter Include="Fichiers d%27en-tête\Libraries\Assimp\port\AndroidJNI">
      <UniqueIdentifier>{03f516bc-969b-4d80-ac9e-6d5f657c9aee}</UniqueIdentifier>
    </Filter>
    <Filter Include="Fichiers d%27en-tête\Libraries\Cereal">
      <UniqueIdentifier>{30b32ed6-57cf-4676-85a3-22ecebdfb393}</UniqueIdentifier>
    </Filter>
    <Filter Include="Fichiers d%27en-tête\Libraries\Cereal\archives">
      <UniqueIdentifier>{4e5b0880-76e9-4c8f-b951-19bf4b244cba}</UniqueIdentifier>
    </Filter>
    <Filter Include="Fichiers d%27en-tête\Libraries\Cereal\details">
      <UniqueIdentifier>{8ba8bbc3-0364-450a-be02-5999b93f5e8c}</UniqueIdentifier>
    </Filter>
    <Filter Include="Fichiers d%27en-tête\Libraries\Cereal\external">
      <UniqueIdentifier>{859b5faa-b85d-4e83-99b8-9a76a1220a07}</UniqueIdentifier>
    </Filter>
    <Filter Include="Fichiers d%27en-tête\Libraries\Cereal\external\rapidjson">
      <UniqueIdentifier>{594fb730-299d-458f-a7b9-95455757bfae}</UniqueIdentifier>
    </Filter>
    <Filter Include="Fichiers d%27en-tête\Libraries\Cereal\external\rapidjson\error">
      <UniqueIdentifier>{56257346-5065-4bb6-a002-e57e23588b35}</UniqueIdentifier>
    </Filter>
    <Filter Include="Fichiers d%27en-tête\Libraries\Cereal\external\rapidjson\internal">
      <UniqueIdentifier>{e2036389-4270-4fbf-a767-d8e562a79a76}</UniqueIdentifier>
    </Filter>
    <Filter Include="Fichiers d%27en-tête\Libraries\Cereal\external\rapidjson\msinttypes">
      <UniqueIdentifier>{d4269a9c-e7b9-497b-823d-18e4e35b0141}</UniqueIdentifier>
    </Filter>
    <Filter Include="Fichiers d%27en-tête\Libraries\Cereal\external\rapidxml">
      <UniqueIdentifier>{0a344895-5ccf-4755-9791-7ab0487a2470}</UniqueIdentifier>
    </Filter>
    <Filter Include="Fichiers d%27en-tête\Libraries\Cereal\types">
      <UniqueIdentifier>{5097d6ac-c7a2-4aa6-a7ca-2336566c3ce8}</UniqueIdentifier>
    </Filter>
    <Filter Include="Fichiers d%27en-tête\Libraries\Cereal\types\concepts">
      <UniqueIdentifier>{25911730-f3e2-4206-aa2d-34e36c87939c}</UniqueIdentifier>
    </Filter>
    <Filter Include="Fichiers d%27en-tête\Libraries\rttr">
      <UniqueIdentifier>{5cf1387f-951a-43b2-8c38-93a6a2483562}</UniqueIdentifier>
    </Filter>
    <Filter Include="Fichiers d%27en-tête\Libraries\rttr\detail">
      <UniqueIdentifier>{94c2f250-8342-4995-9745-2ed6aefd6bf8}</UniqueIdentifier>
    </Filter>
    <Filter Include="Fichiers d%27en-tête\Libraries\rttr\detail\base">
      <UniqueIdentifier>{76a29fbe-4558-4ed7-a456-e1e5ab84dea2}</UniqueIdentifier>
    </Filter>
    <Filter Include="Fichiers d%27en-tête\Libraries\rttr\detail\comparison">
      <UniqueIdentifier>{1c1db539-7751-46ad-9513-afb04a539c75}</UniqueIdentifier>
    </Filter>
    <Filter Include="Fichiers d%27en-tête\Libraries\rttr\detail\constructor">
      <UniqueIdentifier>{de917408-c601-41e6-b9b2-a00e437bb22b}</UniqueIdentifier>
    </Filter>
    <Filter Include="Fichiers d%27en-tête\Libraries\rttr\detail\conversion">
      <UniqueIdentifier>{829264e8-ab50-4176-82e8-6b0847f5f4c6}</UniqueIdentifier>
    </Filter>
    <Filter Include="Fichiers d%27en-tête\Libraries\rttr\detail\default_arguments">
      <UniqueIdentifier>{3370d558-a60a-44f2-8dce-746a0d743cc3}</UniqueIdentifier>
    </Filter>
    <Filter Include="Fichiers d%27en-tête\Libraries\rttr\detail\destructor">
      <UniqueIdentifier>{e569abe5-78e6-46aa-bad4-bec04f4b5692}</UniqueIdentifier>
    </Filter>
    <Filter Include="Fichiers d%27en-tête\Libraries\rttr\detail\enumeration">
      <UniqueIdentifier>{e8e87e9a-7b0d-4968-87d2-0b05fa6f2a9f}</UniqueIdentifier>
    </Filter>
    <Filter Include="Fichiers d%27en-tête\Libraries\rttr\detail\filter">
      <UniqueIdentifier>{cb957430-c5a5-4244-adc4-6e4af757e3a1}</UniqueIdentifier>
    </Filter>
    <Filter Include="Fichiers d%27en-tête\Libraries\rttr\detail\impl">
      <UniqueIdentifier>{8960a77e-04f3-46ab-891a-c51b745a1a5e}</UniqueIdentifier>
    </Filter>
    <Filter Include="Fichiers d%27en-tête\Libraries\rttr\detail\metadata">
      <UniqueIdentifier>{d33546e8-c992-4fa6-bb1d-79423629f371}</UniqueIdentifier>
    </Filter>
    <Filter Include="Fichiers d%27en-tête\Libraries\rttr\detail\method">
      <UniqueIdentifier>{bdca3116-87d0-4358-a1f9-81c112478de2}</UniqueIdentifier>
    </Filter>
    <Filter Include="Fichiers d%27en-tête\Libraries\rttr\detail\misc">
      <UniqueIdentifier>{5adb979e-4bcf-4c48-b76d-1b61d5750c43}</UniqueIdentifier>
    </Filter>
    <Filter Include="Fichiers d%27en-tête\Libraries\rttr\detail\variant">
      <UniqueIdentifier>{b1c451d7-199d-4bea-80d5-422579ea6be1}</UniqueIdentifier>
    </Filter>
    <Filter Include="Fichiers d%27en-tête\Libraries\rttr\detail\parameter_info">
      <UniqueIdentifier>{0041d23f-d897-4ec6-b05b-57849196f39c}</UniqueIdentifier>
    </Filter>
    <Filter Include="Fichiers d%27en-tête\Libraries\rttr\detail\type">
      <UniqueIdentifier>{b72195a4-7c5e-4488-babd-e256c331acea}</UniqueIdentifier>
    </Filter>
    <Filter Include="Fichiers d%27en-tête\Libraries\rttr\detail\registration">
      <UniqueIdentifier>{96fded5b-a8d1-49f2-85b1-3187f702f00e}</UniqueIdentifier>
    </Filter>
    <Filter Include="Fichiers d%27en-tête\Libraries\rttr\detail\property">
      <UniqueIdentifier>{a01cf672-3133-41fc-91fb-c5e098b9f2ec}</UniqueIdentifier>
    </Filter>
    <Filter Include="Fichiers d%27en-tête\Libraries\rttr\detail\policies">
      <UniqueIdentifier>{bf33a590-d4a9-40e8-8e3a-185b8005b97a}</UniqueIdentifier>
    </Filter>
    <Filter Include="Fichiers d%27en-tête\Libraries\rttr\detail\variant_associative_view">
      <UniqueIdentifier>{28c6d7c6-7e30-45ff-92b1-8e0e96b9d2ac}</UniqueIdentifier>
    </Filter>
    <Filter Include="Fichiers d%27en-tête\Libraries\rttr\detail\variant_sequential_view">
      <UniqueIdentifier>{a46ef9f1-6d32-4bc5-830c-e6b63698109b}</UniqueIdentifier>
    </Filter>
    <Filter Include="Fichiers d%27en-tête\Libraries\rttr\detail\visitor">
      <UniqueIdentifier>{8cf6d80c-9206-4d08-85a7-6fbda27ae3f7}</UniqueIdentifier>
    </Filter>
    <Filter Include="Fichiers d%27en-tête\Libraries\GL">
      <UniqueIdentifier>{b7105a4d-841d-4620-94fe-c6696f614db6}</UniqueIdentifier>
    </Filter>
    <Filter Include="Fichiers d%27en-tête\Libraries\GLFW">
      <UniqueIdentifier>{46a1c674-2151-4010-8916-3bbbd67de584}</UniqueIdentifier>
    </Filter>
    <Filter Include="Fichiers d%27en-tête\Libraries\ImGui">
      <UniqueIdentifier>{c2ae5a98-6751-4b05-aea0-6576f6edd02c}</UniqueIdentifier>
    </Filter>
    <Filter Include="Fichiers d%27en-tête\Maths">
      <UniqueIdentifier>{4cc5d1fb-c30d-4dec-9e09-790f37e4b999}</UniqueIdentifier>
    </Filter>
    <Filter Include="Fichiers d%27en-tête\Physic">
      <UniqueIdentifier>{08c37e2a-0f05-468b-906d-37314db71fab}</UniqueIdentifier>
    </Filter>
    <Filter Include="Fichiers sources\ComponentSystem">
      <UniqueIdentifier>{a187234d-1465-4aee-ba9b-76a8672851f2}</UniqueIdentifier>
    </Filter>
    <Filter Include="Fichiers sources\Core">
      <UniqueIdentifier>{d31a5ed0-9f40-4aac-aa62-18daf128f83d}</UniqueIdentifier>
    </Filter>
    <Filter Include="Fichiers sources\Core\Render">
      <UniqueIdentifier>{bbeaa025-f744-419c-ae2d-f369143b6596}</UniqueIdentifier>
    </Filter>
    <Filter Include="Fichiers sources\Debug">
      <UniqueIdentifier>{36500565-6962-4b2e-89dc-3e35a163fd27}</UniqueIdentifier>
    </Filter>
    <Filter Include="Fichiers sources\Inputs">
      <UniqueIdentifier>{8b8255bf-7f91-49b0-a113-41984254b868}</UniqueIdentifier>
    </Filter>
    <Filter Include="Fichiers sources\Libraries">
      <UniqueIdentifier>{9c3925d1-a881-4885-84da-2ef5bbf75d5e}</UniqueIdentifier>
    </Filter>
    <Filter Include="Fichiers sources\Libraries\ImGui">
      <UniqueIdentifier>{e3acde58-e9d7-454a-868e-723dd4fec58a}</UniqueIdentifier>
    </Filter>
    <Filter Include="Fichiers sources\Maths">
      <UniqueIdentifier>{ea8e3162-ce3f-4e86-a906-77f7b7f4b44c}</UniqueIdentifier>
    </Filter>
    <Filter Include="Fichiers sources\Physic">
      <UniqueIdentifier>{f5cb0587-e2c0-4015-9646-8eb4f224dccc}</UniqueIdentifier>
    </Filter>
  </ItemGroup>
  <ItemGroup>
    <ClCompile Include="..\Sources\Tests\InputsMain.cpp">
      <Filter>Fichiers sources</Filter>
    </ClCompile>
    <ClCompile Include="..\Sources\ComponentSystem\ComponentsManager.cpp">
      <Filter>Fichiers sources\ComponentSystem</Filter>
    </ClCompile>
    <ClCompile Include="..\Sources\ComponentSystem\Component.cpp">
      <Filter>Fichiers sources\ComponentSystem</Filter>
    </ClCompile>
    <ClCompile Include="..\Sources\ComponentSystem\GameObject.cpp">
      <Filter>Fichiers sources\ComponentSystem</Filter>
    </ClCompile>
    <ClCompile Include="..\Sources\Core\ResourcesManager.cpp">
      <Filter>Fichiers sources\Core</Filter>
    </ClCompile>
    <ClCompile Include="..\Sources\Core\SerializationManager.cpp">
      <Filter>Fichiers sources\Core</Filter>
    </ClCompile>
    <ClCompile Include="..\Sources\Core\Time.cpp">
      <Filter>Fichiers sources\Core</Filter>
    </ClCompile>
    <ClCompile Include="..\Sources\Core\Engine.cpp">
      <Filter>Fichiers sources\Core</Filter>
    </ClCompile>
    <ClCompile Include="..\Sources\Core\Scene.cpp">
      <Filter>Fichiers sources\Core</Filter>
    </ClCompile>
    <ClCompile Include="..\Sources\Core\SceneManager.cpp">
      <Filter>Fichiers sources\Core</Filter>
    </ClCompile>
    <ClCompile Include="..\Sources\Core\Render\Camera.cpp">
      <Filter>Fichiers sources\Core\Render</Filter>
    </ClCompile>
    <ClCompile Include="..\Sources\Core\Render\Light.cpp">
      <Filter>Fichiers sources\Core\Render</Filter>
    </ClCompile>
    <ClCompile Include="..\Sources\Core\Render\Material.cpp">
      <Filter>Fichiers sources\Core\Render</Filter>
    </ClCompile>
    <ClCompile Include="..\Sources\Core\Render\Model.cpp">
      <Filter>Fichiers sources\Core\Render</Filter>
    </ClCompile>
    <ClCompile Include="..\Sources\Core\Render\Framebuffer.cpp">
      <Filter>Fichiers sources\Core\Render</Filter>
    </ClCompile>
    <ClCompile Include="..\Sources\Core\Render\Texture.cpp">
      <Filter>Fichiers sources\Core\Render</Filter>
    </ClCompile>
    <ClCompile Include="..\Sources\Core\Render\Mesh.cpp">
      <Filter>Fichiers sources\Core\Render</Filter>
    </ClCompile>
    <ClCompile Include="..\Sources\Core\Render\Renderer.cpp">
      <Filter>Fichiers sources\Core\Render</Filter>
    </ClCompile>
    <ClCompile Include="..\Sources\Core\Render\RHI.cpp">
      <Filter>Fichiers sources\Core\Render</Filter>
    </ClCompile>
    <ClCompile Include="..\Sources\Core\Render\Shader.cpp">
      <Filter>Fichiers sources\Core\Render</Filter>
    </ClCompile>
    <ClCompile Include="..\Sources\Core\Render\WindowManager.cpp">
      <Filter>Fichiers sources\Core\Render</Filter>
    </ClCompile>
    <ClCompile Include="..\Sources\Debug\Assert.cpp">
      <Filter>Fichiers sources\Debug</Filter>
    </ClCompile>
    <ClCompile Include="..\Sources\Debug\Log.cpp">
      <Filter>Fichiers sources\Debug</Filter>
    </ClCompile>
    <ClCompile Include="..\Sources\Inputs\GamepadState.cpp">
      <Filter>Fichiers sources\Inputs</Filter>
    </ClCompile>
    <ClCompile Include="..\Sources\Inputs\Input.cpp">
      <Filter>Fichiers sources\Inputs</Filter>
    </ClCompile>
    <ClCompile Include="..\Sources\Inputs\InputAction.cpp">
      <Filter>Fichiers sources\Inputs</Filter>
    </ClCompile>
    <ClCompile Include="..\Sources\Inputs\InputAxis.cpp">
      <Filter>Fichiers sources\Inputs</Filter>
    </ClCompile>
    <ClCompile Include="..\Sources\Inputs\InputManager.cpp">
      <Filter>Fichiers sources\Inputs</Filter>
    </ClCompile>
    <ClCompile Include="..\Sources\Inputs\InputPattern.cpp">
      <Filter>Fichiers sources\Inputs</Filter>
    </ClCompile>
    <ClCompile Include="..\Sources\Inputs\InputType.cpp">
      <Filter>Fichiers sources\Inputs</Filter>
    </ClCompile>
    <ClCompile Include="..\Sources\Libraries\ImGui\imgui.cpp">
      <Filter>Fichiers sources\Libraries\ImGui</Filter>
    </ClCompile>
    <ClCompile Include="..\Sources\Libraries\ImGui\imgui_demo.cpp">
      <Filter>Fichiers sources\Libraries\ImGui</Filter>
    </ClCompile>
    <ClCompile Include="..\Sources\Libraries\ImGui\imgui_draw.cpp">
      <Filter>Fichiers sources\Libraries\ImGui</Filter>
    </ClCompile>
    <ClCompile Include="..\Sources\Libraries\ImGui\imgui_impl_glfw.cpp">
      <Filter>Fichiers sources\Libraries\ImGui</Filter>
    </ClCompile>
    <ClCompile Include="..\Sources\Libraries\ImGui\imgui_impl_opengl3.cpp">
      <Filter>Fichiers sources\Libraries\ImGui</Filter>
    </ClCompile>
    <ClCompile Include="..\Sources\Libraries\ImGui\imgui_widgets.cpp">
      <Filter>Fichiers sources\Libraries\ImGui</Filter>
    </ClCompile>
    <ClCompile Include="..\Sources\Maths\Quaternion.cpp">
      <Filter>Fichiers sources\Maths</Filter>
    </ClCompile>
    <ClCompile Include="..\Sources\Maths\Vec2.cpp">
      <Filter>Fichiers sources\Maths</Filter>
    </ClCompile>
    <ClCompile Include="..\Sources\Maths\Vec3.cpp">
      <Filter>Fichiers sources\Maths</Filter>
    </ClCompile>
    <ClCompile Include="..\Sources\Physic\Physics.cpp">
      <Filter>Fichiers sources\Physic</Filter>
    </ClCompile>
    <ClCompile Include="..\Sources\Physic\RigidBody.cpp">
      <Filter>Fichiers sources\Physic</Filter>
    </ClCompile>
    <ClCompile Include="..\Sources\Physic\Transform.cpp">
      <Filter>Fichiers sources\Physic</Filter>
    </ClCompile>
  </ItemGroup>
  <ItemGroup>
    <ClInclude Include="..\Includes\ComponentSystem\ComponentsManager.h">
      <Filter>Fichiers d%27en-tête\ComponentSystem</Filter>
    </ClInclude>
    <ClInclude Include="..\Includes\ComponentSystem\Component.h">
      <Filter>Fichiers d%27en-tête\ComponentSystem</Filter>
    </ClInclude>
    <ClInclude Include="..\Includes\ComponentSystem\GameObject.h">
      <Filter>Fichiers d%27en-tête\ComponentSystem</Filter>
    </ClInclude>
    <ClInclude Include="..\Includes\ComponentSystem\UpdatableComponent.h">
      <Filter>Fichiers d%27en-tête\ComponentSystem</Filter>
    </ClInclude>
    <ClInclude Include="..\Includes\Core\EModelCharacteristics.h">
      <Filter>Fichiers d%27en-tête\Core</Filter>
    </ClInclude>
    <ClInclude Include="..\Includes\Core\ReflectionRegistration.h">
      <Filter>Fichiers d%27en-tête\Core</Filter>
    </ClInclude>
    <ClInclude Include="..\Includes\Core\ResourcesManager.h">
      <Filter>Fichiers d%27en-tête\Core</Filter>
    </ClInclude>
    <ClInclude Include="..\Includes\Core\SerializationManager.h">
      <Filter>Fichiers d%27en-tête\Core</Filter>
    </ClInclude>
    <ClInclude Include="..\Includes\Core\Time.h">
      <Filter>Fichiers d%27en-tête\Core</Filter>
    </ClInclude>
    <ClInclude Include="..\Includes\Core\Engine.h">
      <Filter>Fichiers d%27en-tête\Core</Filter>
    </ClInclude>
    <ClInclude Include="..\Includes\Core\Scene.h">
      <Filter>Fichiers d%27en-tête\Core</Filter>
    </ClInclude>
    <ClInclude Include="..\Includes\Core\SceneManager.h">
      <Filter>Fichiers d%27en-tête\Core</Filter>
    </ClInclude>
    <ClInclude Include="..\Includes\Core\Render\Camera.h">
      <Filter>Fichiers d%27en-tête\Core\Render</Filter>
    </ClInclude>
    <ClInclude Include="..\Includes\Core\Render\Framebuffer.h">
      <Filter>Fichiers d%27en-tête\Core\Render</Filter>
    </ClInclude>
    <ClInclude Include="..\Includes\Core\Render\Light.h">
      <Filter>Fichiers d%27en-tête\Core\Render</Filter>
    </ClInclude>
    <ClInclude Include="..\Includes\Core\Render\Material.h">
      <Filter>Fichiers d%27en-tête\Core\Render</Filter>
    </ClInclude>
    <ClInclude Include="..\Includes\Core\Render\Model.h">
      <Filter>Fichiers d%27en-tête\Core\Render</Filter>
    </ClInclude>
    <ClInclude Include="..\Includes\Core\Render\Texture.h">
      <Filter>Fichiers d%27en-tête\Core\Render</Filter>
    </ClInclude>
    <ClInclude Include="..\Includes\Core\Render\WindowManager.h">
      <Filter>Fichiers d%27en-tête\Core\Render</Filter>
    </ClInclude>
    <ClInclude Include="..\Includes\Core\Render\Mesh.h">
      <Filter>Fichiers d%27en-tête\Core\Render</Filter>
    </ClInclude>
    <ClInclude Include="..\Includes\Core\Render\Renderer.h">
      <Filter>Fichiers d%27en-tête\Core\Render</Filter>
    </ClInclude>
    <ClInclude Include="..\Includes\Core\Render\RHI.h">
      <Filter>Fichiers d%27en-tête\Core\Render</Filter>
    </ClInclude>
    <ClInclude Include="..\Includes\Core\Render\Shader.h">
      <Filter>Fichiers d%27en-tête\Core\Render</Filter>
    </ClInclude>
    <ClInclude Include="..\Includes\Debug\Assert.h">
      <Filter>Fichiers d%27en-tête\Debug</Filter>
    </ClInclude>
    <ClInclude Include="..\Includes\Debug\EConsoleColor.h">
      <Filter>Fichiers d%27en-tête\Debug</Filter>
    </ClInclude>
    <ClInclude Include="..\Includes\Debug\Log.h">
      <Filter>Fichiers d%27en-tête\Debug</Filter>
    </ClInclude>
    <ClInclude Include="..\Includes\Inputs\Axes.h">
      <Filter>Fichiers d%27en-tête\Inputs</Filter>
    </ClInclude>
    <ClInclude Include="..\Includes\Inputs\EAxisType.h">
      <Filter>Fichiers d%27en-tête\Inputs</Filter>
    </ClInclude>
    <ClInclude Include="..\Includes\Inputs\EDeviceType.h">
      <Filter>Fichiers d%27en-tête\Inputs</Filter>
    </ClInclude>
    <ClInclude Include="..\Includes\Inputs\EInputState.h">
      <Filter>Fichiers d%27en-tête\Inputs</Filter>
    </ClInclude>
    <ClInclude Include="..\Includes\Inputs\Event.h">
      <Filter>Fichiers d%27en-tête\Inputs</Filter>
    </ClInclude>
    <ClInclude Include="..\Includes\Inputs\GamepadAxes.h">
      <Filter>Fichiers d%27en-tête\Inputs</Filter>
    </ClInclude>
    <ClInclude Include="..\Includes\Inputs\GamepadButtons.h">
      <Filter>Fichiers d%27en-tête\Inputs</Filter>
    </ClInclude>
    <ClInclude Include="..\Includes\Inputs\GamepadID.h">
      <Filter>Fichiers d%27en-tête\Inputs</Filter>
    </ClInclude>
    <ClInclude Include="..\Includes\Inputs\GamepadState.h">
      <Filter>Fichiers d%27en-tête\Inputs</Filter>
    </ClInclude>
    <ClInclude Include="..\Includes\Inputs\Input.h">
      <Filter>Fichiers d%27en-tête\Inputs</Filter>
    </ClInclude>
    <ClInclude Include="..\Includes\Inputs\InputAction.h">
      <Filter>Fichiers d%27en-tête\Inputs</Filter>
    </ClInclude>
    <ClInclude Include="..\Includes\Inputs\InputAxis.h">
      <Filter>Fichiers d%27en-tête\Inputs</Filter>
    </ClInclude>
    <ClInclude Include="..\Includes\Inputs\InputManager.h">
      <Filter>Fichiers d%27en-tête\Inputs</Filter>
    </ClInclude>
    <ClInclude Include="..\Includes\Inputs\InputPattern.h">
      <Filter>Fichiers d%27en-tête\Inputs</Filter>
    </ClInclude>
    <ClInclude Include="..\Includes\Inputs\InputType.h">
      <Filter>Fichiers d%27en-tête\Inputs</Filter>
    </ClInclude>
    <ClInclude Include="..\Includes\Inputs\Keys.h">
      <Filter>Fichiers d%27en-tête\Inputs</Filter>
    </ClInclude>
    <ClInclude Include="..\Includes\Inputs\MouseButtons.h">
      <Filter>Fichiers d%27en-tête\Inputs</Filter>
    </ClInclude>
    <ClInclude Include="..\Includes\Libraries\stb_image.h">
      <Filter>Fichiers d%27en-tête\Libraries</Filter>
    </ClInclude>
    <ClInclude Include="..\Includes\Libraries\assimp\aabb.h">
      <Filter>Fichiers d%27en-tête\Libraries\Assimp</Filter>
    </ClInclude>
    <ClInclude Include="..\Includes\Libraries\assimp\ai_assert.h">
      <Filter>Fichiers d%27en-tête\Libraries\Assimp</Filter>
    </ClInclude>
    <ClInclude Include="..\Includes\Libraries\assimp\anim.h">
      <Filter>Fichiers d%27en-tête\Libraries\Assimp</Filter>
    </ClInclude>
    <ClInclude Include="..\Includes\Libraries\assimp\BaseImporter.h">
      <Filter>Fichiers d%27en-tête\Libraries\Assimp</Filter>
    </ClInclude>
    <ClInclude Include="..\Includes\Libraries\assimp\Bitmap.h">
      <Filter>Fichiers d%27en-tête\Libraries\Assimp</Filter>
    </ClInclude>
    <ClInclude Include="..\Includes\Libraries\assimp\BlobIOSystem.h">
      <Filter>Fichiers d%27en-tête\Libraries\Assimp</Filter>
    </ClInclude>
    <ClInclude Include="..\Includes\Libraries\assimp\ByteSwapper.h">
      <Filter>Fichiers d%27en-tête\Libraries\Assimp</Filter>
    </ClInclude>
    <ClInclude Include="..\Includes\Libraries\assimp\camera.h">
      <Filter>Fichiers d%27en-tête\Libraries\Assimp</Filter>
    </ClInclude>
    <ClInclude Include="..\Includes\Libraries\assimp\cexport.h">
      <Filter>Fichiers d%27en-tête\Libraries\Assimp</Filter>
    </ClInclude>
    <ClInclude Include="..\Includes\Libraries\assimp\cfileio.h">
      <Filter>Fichiers d%27en-tête\Libraries\Assimp</Filter>
    </ClInclude>
    <ClInclude Include="..\Includes\Libraries\assimp\cimport.h">
      <Filter>Fichiers d%27en-tête\Libraries\Assimp</Filter>
    </ClInclude>
    <ClInclude Include="..\Includes\Libraries\assimp\color4.h">
      <Filter>Fichiers d%27en-tête\Libraries\Assimp</Filter>
    </ClInclude>
    <ClInclude Include="..\Includes\Libraries\assimp\config.h">
      <Filter>Fichiers d%27en-tête\Libraries\Assimp</Filter>
    </ClInclude>
    <ClInclude Include="..\Includes\Libraries\assimp\CreateAnimMesh.h">
      <Filter>Fichiers d%27en-tête\Libraries\Assimp</Filter>
    </ClInclude>
    <ClInclude Include="..\Includes\Libraries\assimp\DefaultIOStream.h">
      <Filter>Fichiers d%27en-tête\Libraries\Assimp</Filter>
    </ClInclude>
    <ClInclude Include="..\Includes\Libraries\assimp\DefaultIOSystem.h">
      <Filter>Fichiers d%27en-tête\Libraries\Assimp</Filter>
    </ClInclude>
    <ClInclude Include="..\Includes\Libraries\assimp\DefaultLogger.hpp">
      <Filter>Fichiers d%27en-tête\Libraries\Assimp</Filter>
    </ClInclude>
    <ClInclude Include="..\Includes\Libraries\assimp\Defines.h">
      <Filter>Fichiers d%27en-tête\Libraries\Assimp</Filter>
    </ClInclude>
    <ClInclude Include="..\Includes\Libraries\assimp\defs.h">
      <Filter>Fichiers d%27en-tête\Libraries\Assimp</Filter>
    </ClInclude>
    <ClInclude Include="..\Includes\Libraries\assimp\Exceptional.h">
      <Filter>Fichiers d%27en-tête\Libraries\Assimp</Filter>
    </ClInclude>
    <ClInclude Include="..\Includes\Libraries\assimp\Exporter.hpp">
      <Filter>Fichiers d%27en-tête\Libraries\Assimp</Filter>
    </ClInclude>
    <ClInclude Include="..\Includes\Libraries\assimp\fast_atof.h">
      <Filter>Fichiers d%27en-tête\Libraries\Assimp</Filter>
    </ClInclude>
    <ClInclude Include="..\Includes\Libraries\assimp\GenericProperty.h">
      <Filter>Fichiers d%27en-tête\Libraries\Assimp</Filter>
    </ClInclude>
    <ClInclude Include="..\Includes\Libraries\assimp\Hash.h">
      <Filter>Fichiers d%27en-tête\Libraries\Assimp</Filter>
    </ClInclude>
    <ClInclude Include="..\Includes\Libraries\assimp\Importer.hpp">
      <Filter>Fichiers d%27en-tête\Libraries\Assimp</Filter>
    </ClInclude>
    <ClInclude Include="..\Includes\Libraries\assimp\importerdesc.h">
      <Filter>Fichiers d%27en-tête\Libraries\Assimp</Filter>
    </ClInclude>
    <ClInclude Include="..\Includes\Libraries\assimp\IOStream.hpp">
      <Filter>Fichiers d%27en-tête\Libraries\Assimp</Filter>
    </ClInclude>
    <ClInclude Include="..\Includes\Libraries\assimp\IOStreamBuffer.h">
      <Filter>Fichiers d%27en-tête\Libraries\Assimp</Filter>
    </ClInclude>
    <ClInclude Include="..\Includes\Libraries\assimp\IOSystem.hpp">
      <Filter>Fichiers d%27en-tête\Libraries\Assimp</Filter>
    </ClInclude>
    <ClInclude Include="..\Includes\Libraries\assimp\irrXMLWrapper.h">
      <Filter>Fichiers d%27en-tête\Libraries\Assimp</Filter>
    </ClInclude>
    <ClInclude Include="..\Includes\Libraries\assimp\light.h">
      <Filter>Fichiers d%27en-tête\Libraries\Assimp</Filter>
    </ClInclude>
    <ClInclude Include="..\Includes\Libraries\assimp\LineSplitter.h">
      <Filter>Fichiers d%27en-tête\Libraries\Assimp</Filter>
    </ClInclude>
    <ClInclude Include="..\Includes\Libraries\assimp\LogAux.h">
      <Filter>Fichiers d%27en-tête\Libraries\Assimp</Filter>
    </ClInclude>
    <ClInclude Include="..\Includes\Libraries\assimp\Logger.hpp">
      <Filter>Fichiers d%27en-tête\Libraries\Assimp</Filter>
    </ClInclude>
    <ClInclude Include="..\Includes\Libraries\assimp\LogStream.hpp">
      <Filter>Fichiers d%27en-tête\Libraries\Assimp</Filter>
    </ClInclude>
    <ClInclude Include="..\Includes\Libraries\assimp\Macros.h">
      <Filter>Fichiers d%27en-tête\Libraries\Assimp</Filter>
    </ClInclude>
    <ClInclude Include="..\Includes\Libraries\assimp\material.h">
      <Filter>Fichiers d%27en-tête\Libraries\Assimp</Filter>
    </ClInclude>
    <ClInclude Include="..\Includes\Libraries\assimp\MathFunctions.h">
      <Filter>Fichiers d%27en-tête\Libraries\Assimp</Filter>
    </ClInclude>
    <ClInclude Include="..\Includes\Libraries\assimp\matrix3x3.h">
      <Filter>Fichiers d%27en-tête\Libraries\Assimp</Filter>
    </ClInclude>
    <ClInclude Include="..\Includes\Libraries\assimp\matrix4x4.h">
      <Filter>Fichiers d%27en-tête\Libraries\Assimp</Filter>
    </ClInclude>
    <ClInclude Include="..\Includes\Libraries\assimp\MemoryIOWrapper.h">
      <Filter>Fichiers d%27en-tête\Libraries\Assimp</Filter>
    </ClInclude>
    <ClInclude Include="..\Includes\Libraries\assimp\mesh.h">
      <Filter>Fichiers d%27en-tête\Libraries\Assimp</Filter>
    </ClInclude>
    <ClInclude Include="..\Includes\Libraries\assimp\metadata.h">
      <Filter>Fichiers d%27en-tête\Libraries\Assimp</Filter>
    </ClInclude>
    <ClInclude Include="..\Includes\Libraries\assimp\NullLogger.hpp">
      <Filter>Fichiers d%27en-tête\Libraries\Assimp</Filter>
    </ClInclude>
    <ClInclude Include="..\Includes\Libraries\assimp\ParsingUtils.h">
      <Filter>Fichiers d%27en-tête\Libraries\Assimp</Filter>
    </ClInclude>
    <ClInclude Include="..\Includes\Libraries\assimp\pbrmaterial.h">
      <Filter>Fichiers d%27en-tête\Libraries\Assimp</Filter>
    </ClInclude>
    <ClInclude Include="..\Includes\Libraries\assimp\postprocess.h">
      <Filter>Fichiers d%27en-tête\Libraries\Assimp</Filter>
    </ClInclude>
    <ClInclude Include="..\Includes\Libraries\assimp\Profiler.h">
      <Filter>Fichiers d%27en-tête\Libraries\Assimp</Filter>
    </ClInclude>
    <ClInclude Include="..\Includes\Libraries\assimp\ProgressHandler.hpp">
      <Filter>Fichiers d%27en-tête\Libraries\Assimp</Filter>
    </ClInclude>
    <ClInclude Include="..\Includes\Libraries\assimp\qnan.h">
      <Filter>Fichiers d%27en-tête\Libraries\Assimp</Filter>
    </ClInclude>
    <ClInclude Include="..\Includes\Libraries\assimp\quaternion.h">
      <Filter>Fichiers d%27en-tête\Libraries\Assimp</Filter>
    </ClInclude>
    <ClInclude Include="..\Includes\Libraries\assimp\RemoveComments.h">
      <Filter>Fichiers d%27en-tête\Libraries\Assimp</Filter>
    </ClInclude>
    <ClInclude Include="..\Includes\Libraries\assimp\scene.h">
      <Filter>Fichiers d%27en-tête\Libraries\Assimp</Filter>
    </ClInclude>
    <ClInclude Include="..\Includes\Libraries\assimp\SceneCombiner.h">
      <Filter>Fichiers d%27en-tête\Libraries\Assimp</Filter>
    </ClInclude>
    <ClInclude Include="..\Includes\Libraries\assimp\SGSpatialSort.h">
      <Filter>Fichiers d%27en-tête\Libraries\Assimp</Filter>
    </ClInclude>
    <ClInclude Include="..\Includes\Libraries\assimp\SkeletonMeshBuilder.h">
      <Filter>Fichiers d%27en-tête\Libraries\Assimp</Filter>
    </ClInclude>
    <ClInclude Include="..\Includes\Libraries\assimp\SmoothingGroups.h">
      <Filter>Fichiers d%27en-tête\Libraries\Assimp</Filter>
    </ClInclude>
    <ClInclude Include="..\Includes\Libraries\assimp\SpatialSort.h">
      <Filter>Fichiers d%27en-tête\Libraries\Assimp</Filter>
    </ClInclude>
    <ClInclude Include="..\Includes\Libraries\assimp\StandardShapes.h">
      <Filter>Fichiers d%27en-tête\Libraries\Assimp</Filter>
    </ClInclude>
    <ClInclude Include="..\Includes\Libraries\assimp\StreamReader.h">
      <Filter>Fichiers d%27en-tête\Libraries\Assimp</Filter>
    </ClInclude>
    <ClInclude Include="..\Includes\Libraries\assimp\StreamWriter.h">
      <Filter>Fichiers d%27en-tête\Libraries\Assimp</Filter>
    </ClInclude>
    <ClInclude Include="..\Includes\Libraries\assimp\StringComparison.h">
      <Filter>Fichiers d%27en-tête\Libraries\Assimp</Filter>
    </ClInclude>
    <ClInclude Include="..\Includes\Libraries\assimp\StringUtils.h">
      <Filter>Fichiers d%27en-tête\Libraries\Assimp</Filter>
    </ClInclude>
    <ClInclude Include="..\Includes\Libraries\assimp\Subdivision.h">
      <Filter>Fichiers d%27en-tête\Libraries\Assimp</Filter>
    </ClInclude>
    <ClInclude Include="..\Includes\Libraries\assimp\texture.h">
      <Filter>Fichiers d%27en-tête\Libraries\Assimp</Filter>
    </ClInclude>
    <ClInclude Include="..\Includes\Libraries\assimp\TinyFormatter.h">
      <Filter>Fichiers d%27en-tête\Libraries\Assimp</Filter>
    </ClInclude>
    <ClInclude Include="..\Includes\Libraries\assimp\types.h">
      <Filter>Fichiers d%27en-tête\Libraries\Assimp</Filter>
    </ClInclude>
    <ClInclude Include="..\Includes\Libraries\assimp\vector2.h">
      <Filter>Fichiers d%27en-tête\Libraries\Assimp</Filter>
    </ClInclude>
    <ClInclude Include="..\Includes\Libraries\assimp\vector3.h">
      <Filter>Fichiers d%27en-tête\Libraries\Assimp</Filter>
    </ClInclude>
    <ClInclude Include="..\Includes\Libraries\assimp\version.h">
      <Filter>Fichiers d%27en-tête\Libraries\Assimp</Filter>
    </ClInclude>
    <ClInclude Include="..\Includes\Libraries\assimp\Vertex.h">
      <Filter>Fichiers d%27en-tête\Libraries\Assimp</Filter>
    </ClInclude>
    <ClInclude Include="..\Includes\Libraries\assimp\XMLTools.h">
      <Filter>Fichiers d%27en-tête\Libraries\Assimp</Filter>
    </ClInclude>
    <ClInclude Include="..\Includes\Libraries\assimp\ZipArchiveIOSystem.h">
      <Filter>Fichiers d%27en-tête\Libraries\Assimp</Filter>
    </ClInclude>
    <ClInclude Include="..\Includes\Libraries\assimp\Compiler\poppack1.h">
      <Filter>Fichiers d%27en-tête\Libraries\Assimp\Compiler</Filter>
    </ClInclude>
    <ClInclude Include="..\Includes\Libraries\assimp\Compiler\pstdint.h">
      <Filter>Fichiers d%27en-tête\Libraries\Assimp\Compiler</Filter>
    </ClInclude>
    <ClInclude Include="..\Includes\Libraries\assimp\Compiler\pushpack1.h">
      <Filter>Fichiers d%27en-tête\Libraries\Assimp\Compiler</Filter>
    </ClInclude>
    <ClInclude Include="..\Includes\Libraries\assimp\port\AndroidJNI\AndroidJNIIOSystem.h">
      <Filter>Fichiers d%27en-tête\Libraries\Assimp\port\AndroidJNI</Filter>
    </ClInclude>
    <ClInclude Include="..\Includes\Libraries\Cereal\access.hpp">
      <Filter>Fichiers d%27en-tête\Libraries\Cereal</Filter>
    </ClInclude>
    <ClInclude Include="..\Includes\Libraries\Cereal\cereal.hpp">
      <Filter>Fichiers d%27en-tête\Libraries\Cereal</Filter>
    </ClInclude>
    <ClInclude Include="..\Includes\Libraries\Cereal\macros.hpp">
      <Filter>Fichiers d%27en-tête\Libraries\Cereal</Filter>
    </ClInclude>
    <ClInclude Include="..\Includes\Libraries\Cereal\specialize.hpp">
      <Filter>Fichiers d%27en-tête\Libraries\Cereal</Filter>
    </ClInclude>
    <ClInclude Include="..\Includes\Libraries\Cereal\version.hpp">
      <Filter>Fichiers d%27en-tête\Libraries\Cereal</Filter>
    </ClInclude>
    <ClInclude Include="..\Includes\Libraries\Cereal\archives\adapters.hpp">
      <Filter>Fichiers d%27en-tête\Libraries\Cereal\archives</Filter>
    </ClInclude>
    <ClInclude Include="..\Includes\Libraries\Cereal\archives\binary.hpp">
      <Filter>Fichiers d%27en-tête\Libraries\Cereal\archives</Filter>
    </ClInclude>
    <ClInclude Include="..\Includes\Libraries\Cereal\archives\json.hpp">
      <Filter>Fichiers d%27en-tête\Libraries\Cereal\archives</Filter>
    </ClInclude>
    <ClInclude Include="..\Includes\Libraries\Cereal\archives\portable_binary.hpp">
      <Filter>Fichiers d%27en-tête\Libraries\Cereal\archives</Filter>
    </ClInclude>
    <ClInclude Include="..\Includes\Libraries\Cereal\archives\xml.hpp">
      <Filter>Fichiers d%27en-tête\Libraries\Cereal\archives</Filter>
    </ClInclude>
    <ClInclude Include="..\Includes\Libraries\Cereal\details\helpers.hpp">
      <Filter>Fichiers d%27en-tête\Libraries\Cereal\details</Filter>
    </ClInclude>
    <ClInclude Include="..\Includes\Libraries\Cereal\details\polymorphic_impl.hpp">
      <Filter>Fichiers d%27en-tête\Libraries\Cereal\details</Filter>
    </ClInclude>
    <ClInclude Include="..\Includes\Libraries\Cereal\details\polymorphic_impl_fwd.hpp">
      <Filter>Fichiers d%27en-tête\Libraries\Cereal\details</Filter>
    </ClInclude>
    <ClInclude Include="..\Includes\Libraries\Cereal\details\static_object.hpp">
      <Filter>Fichiers d%27en-tête\Libraries\Cereal\details</Filter>
    </ClInclude>
    <ClInclude Include="..\Includes\Libraries\Cereal\details\traits.hpp">
      <Filter>Fichiers d%27en-tête\Libraries\Cereal\details</Filter>
    </ClInclude>
    <ClInclude Include="..\Includes\Libraries\Cereal\details\util.hpp">
      <Filter>Fichiers d%27en-tête\Libraries\Cereal\details</Filter>
    </ClInclude>
    <ClInclude Include="..\Includes\Libraries\Cereal\external\base64.hpp">
      <Filter>Fichiers d%27en-tête\Libraries\Cereal\external</Filter>
    </ClInclude>
    <ClInclude Include="..\Includes\Libraries\Cereal\external\rapidjson\allocators.h">
      <Filter>Fichiers d%27en-tête\Libraries\Cereal\external\rapidjson</Filter>
    </ClInclude>
    <ClInclude Include="..\Includes\Libraries\Cereal\external\rapidjson\cursorstreamwrapper.h">
      <Filter>Fichiers d%27en-tête\Libraries\Cereal\external\rapidjson</Filter>
    </ClInclude>
    <ClInclude Include="..\Includes\Libraries\Cereal\external\rapidjson\document.h">
      <Filter>Fichiers d%27en-tête\Libraries\Cereal\external\rapidjson</Filter>
    </ClInclude>
    <ClInclude Include="..\Includes\Libraries\Cereal\external\rapidjson\encodedstream.h">
      <Filter>Fichiers d%27en-tête\Libraries\Cereal\external\rapidjson</Filter>
    </ClInclude>
    <ClInclude Include="..\Includes\Libraries\Cereal\external\rapidjson\encodings.h">
      <Filter>Fichiers d%27en-tête\Libraries\Cereal\external\rapidjson</Filter>
    </ClInclude>
    <ClInclude Include="..\Includes\Libraries\Cereal\external\rapidjson\filereadstream.h">
      <Filter>Fichiers d%27en-tête\Libraries\Cereal\external\rapidjson</Filter>
    </ClInclude>
    <ClInclude Include="..\Includes\Libraries\Cereal\external\rapidjson\filewritestream.h">
      <Filter>Fichiers d%27en-tête\Libraries\Cereal\external\rapidjson</Filter>
    </ClInclude>
    <ClInclude Include="..\Includes\Libraries\Cereal\external\rapidjson\fwd.h">
      <Filter>Fichiers d%27en-tête\Libraries\Cereal\external\rapidjson</Filter>
    </ClInclude>
    <ClInclude Include="..\Includes\Libraries\Cereal\external\rapidjson\istreamwrapper.h">
      <Filter>Fichiers d%27en-tête\Libraries\Cereal\external\rapidjson</Filter>
    </ClInclude>
    <ClInclude Include="..\Includes\Libraries\Cereal\external\rapidjson\memorybuffer.h">
      <Filter>Fichiers d%27en-tête\Libraries\Cereal\external\rapidjson</Filter>
    </ClInclude>
    <ClInclude Include="..\Includes\Libraries\Cereal\external\rapidjson\memorystream.h">
      <Filter>Fichiers d%27en-tête\Libraries\Cereal\external\rapidjson</Filter>
    </ClInclude>
    <ClInclude Include="..\Includes\Libraries\Cereal\external\rapidjson\ostreamwrapper.h">
      <Filter>Fichiers d%27en-tête\Libraries\Cereal\external\rapidjson</Filter>
    </ClInclude>
    <ClInclude Include="..\Includes\Libraries\Cereal\external\rapidjson\pointer.h">
      <Filter>Fichiers d%27en-tête\Libraries\Cereal\external\rapidjson</Filter>
    </ClInclude>
    <ClInclude Include="..\Includes\Libraries\Cereal\external\rapidjson\prettywriter.h">
      <Filter>Fichiers d%27en-tête\Libraries\Cereal\external\rapidjson</Filter>
    </ClInclude>
    <ClInclude Include="..\Includes\Libraries\Cereal\external\rapidjson\rapidjson.h">
      <Filter>Fichiers d%27en-tête\Libraries\Cereal\external\rapidjson</Filter>
    </ClInclude>
    <ClInclude Include="..\Includes\Libraries\Cereal\external\rapidjson\reader.h">
      <Filter>Fichiers d%27en-tête\Libraries\Cereal\external\rapidjson</Filter>
    </ClInclude>
    <ClInclude Include="..\Includes\Libraries\Cereal\external\rapidjson\schema.h">
      <Filter>Fichiers d%27en-tête\Libraries\Cereal\external\rapidjson</Filter>
    </ClInclude>
    <ClInclude Include="..\Includes\Libraries\Cereal\external\rapidjson\stream.h">
      <Filter>Fichiers d%27en-tête\Libraries\Cereal\external\rapidjson</Filter>
    </ClInclude>
    <ClInclude Include="..\Includes\Libraries\Cereal\external\rapidjson\stringbuffer.h">
      <Filter>Fichiers d%27en-tête\Libraries\Cereal\external\rapidjson</Filter>
    </ClInclude>
    <ClInclude Include="..\Includes\Libraries\Cereal\external\rapidjson\writer.h">
      <Filter>Fichiers d%27en-tête\Libraries\Cereal\external\rapidjson</Filter>
    </ClInclude>
    <ClInclude Include="..\Includes\Libraries\Cereal\external\rapidjson\error\en.h">
      <Filter>Fichiers d%27en-tête\Libraries\Cereal\external\rapidjson\error</Filter>
    </ClInclude>
    <ClInclude Include="..\Includes\Libraries\Cereal\external\rapidjson\error\error.h">
      <Filter>Fichiers d%27en-tête\Libraries\Cereal\external\rapidjson\error</Filter>
    </ClInclude>
    <ClInclude Include="..\Includes\Libraries\Cereal\external\rapidjson\internal\biginteger.h">
      <Filter>Fichiers d%27en-tête\Libraries\Cereal\external\rapidjson\internal</Filter>
    </ClInclude>
    <ClInclude Include="..\Includes\Libraries\Cereal\external\rapidjson\internal\diyfp.h">
      <Filter>Fichiers d%27en-tête\Libraries\Cereal\external\rapidjson\internal</Filter>
    </ClInclude>
    <ClInclude Include="..\Includes\Libraries\Cereal\external\rapidjson\internal\dtoa.h">
      <Filter>Fichiers d%27en-tête\Libraries\Cereal\external\rapidjson\internal</Filter>
    </ClInclude>
    <ClInclude Include="..\Includes\Libraries\Cereal\external\rapidjson\internal\ieee754.h">
      <Filter>Fichiers d%27en-tête\Libraries\Cereal\external\rapidjson\internal</Filter>
    </ClInclude>
    <ClInclude Include="..\Includes\Libraries\Cereal\external\rapidjson\internal\itoa.h">
      <Filter>Fichiers d%27en-tête\Libraries\Cereal\external\rapidjson\internal</Filter>
    </ClInclude>
    <ClInclude Include="..\Includes\Libraries\Cereal\external\rapidjson\internal\meta.h">
      <Filter>Fichiers d%27en-tête\Libraries\Cereal\external\rapidjson\internal</Filter>
    </ClInclude>
    <ClInclude Include="..\Includes\Libraries\Cereal\external\rapidjson\internal\pow10.h">
      <Filter>Fichiers d%27en-tête\Libraries\Cereal\external\rapidjson\internal</Filter>
    </ClInclude>
    <ClInclude Include="..\Includes\Libraries\Cereal\external\rapidjson\internal\regex.h">
      <Filter>Fichiers d%27en-tête\Libraries\Cereal\external\rapidjson\internal</Filter>
    </ClInclude>
    <ClInclude Include="..\Includes\Libraries\Cereal\external\rapidjson\internal\stack.h">
      <Filter>Fichiers d%27en-tête\Libraries\Cereal\external\rapidjson\internal</Filter>
    </ClInclude>
    <ClInclude Include="..\Includes\Libraries\Cereal\external\rapidjson\internal\strfunc.h">
      <Filter>Fichiers d%27en-tête\Libraries\Cereal\external\rapidjson\internal</Filter>
    </ClInclude>
    <ClInclude Include="..\Includes\Libraries\Cereal\external\rapidjson\internal\strtod.h">
      <Filter>Fichiers d%27en-tête\Libraries\Cereal\external\rapidjson\internal</Filter>
    </ClInclude>
    <ClInclude Include="..\Includes\Libraries\Cereal\external\rapidjson\internal\swap.h">
      <Filter>Fichiers d%27en-tête\Libraries\Cereal\external\rapidjson\internal</Filter>
    </ClInclude>
    <ClInclude Include="..\Includes\Libraries\Cereal\external\rapidjson\msinttypes\inttypes.h">
      <Filter>Fichiers d%27en-tête\Libraries\Cereal\external\rapidjson\msinttypes</Filter>
    </ClInclude>
    <ClInclude Include="..\Includes\Libraries\Cereal\external\rapidjson\msinttypes\stdint.h">
      <Filter>Fichiers d%27en-tête\Libraries\Cereal\external\rapidjson\msinttypes</Filter>
    </ClInclude>
    <ClInclude Include="..\Includes\Libraries\Cereal\external\rapidxml\rapidxml.hpp">
      <Filter>Fichiers d%27en-tête\Libraries\Cereal\external\rapidxml</Filter>
    </ClInclude>
    <ClInclude Include="..\Includes\Libraries\Cereal\external\rapidxml\rapidxml_iterators.hpp">
      <Filter>Fichiers d%27en-tête\Libraries\Cereal\external\rapidxml</Filter>
    </ClInclude>
    <ClInclude Include="..\Includes\Libraries\Cereal\external\rapidxml\rapidxml_print.hpp">
      <Filter>Fichiers d%27en-tête\Libraries\Cereal\external\rapidxml</Filter>
    </ClInclude>
    <ClInclude Include="..\Includes\Libraries\Cereal\external\rapidxml\rapidxml_utils.hpp">
      <Filter>Fichiers d%27en-tête\Libraries\Cereal\external\rapidxml</Filter>
    </ClInclude>
    <ClInclude Include="..\Includes\Libraries\Cereal\types\array.hpp">
      <Filter>Fichiers d%27en-tête\Libraries\Cereal\types</Filter>
    </ClInclude>
    <ClInclude Include="..\Includes\Libraries\Cereal\types\atomic.hpp">
      <Filter>Fichiers d%27en-tête\Libraries\Cereal\types</Filter>
    </ClInclude>
    <ClInclude Include="..\Includes\Libraries\Cereal\types\base_class.hpp">
      <Filter>Fichiers d%27en-tête\Libraries\Cereal\types</Filter>
    </ClInclude>
    <ClInclude Include="..\Includes\Libraries\Cereal\types\bitset.hpp">
      <Filter>Fichiers d%27en-tête\Libraries\Cereal\types</Filter>
    </ClInclude>
    <ClInclude Include="..\Includes\Libraries\Cereal\types\boost_variant.hpp">
      <Filter>Fichiers d%27en-tête\Libraries\Cereal\types</Filter>
    </ClInclude>
    <ClInclude Include="..\Includes\Libraries\Cereal\types\chrono.hpp">
      <Filter>Fichiers d%27en-tête\Libraries\Cereal\types</Filter>
    </ClInclude>
    <ClInclude Include="..\Includes\Libraries\Cereal\types\common.hpp">
      <Filter>Fichiers d%27en-tête\Libraries\Cereal\types</Filter>
    </ClInclude>
    <ClInclude Include="..\Includes\Libraries\Cereal\types\complex.hpp">
      <Filter>Fichiers d%27en-tête\Libraries\Cereal\types</Filter>
    </ClInclude>
    <ClInclude Include="..\Includes\Libraries\Cereal\types\deque.hpp">
      <Filter>Fichiers d%27en-tête\Libraries\Cereal\types</Filter>
    </ClInclude>
    <ClInclude Include="..\Includes\Libraries\Cereal\types\forward_list.hpp">
      <Filter>Fichiers d%27en-tête\Libraries\Cereal\types</Filter>
    </ClInclude>
    <ClInclude Include="..\Includes\Libraries\Cereal\types\functional.hpp">
      <Filter>Fichiers d%27en-tête\Libraries\Cereal\types</Filter>
    </ClInclude>
    <ClInclude Include="..\Includes\Libraries\Cereal\types\list.hpp">
      <Filter>Fichiers d%27en-tête\Libraries\Cereal\types</Filter>
    </ClInclude>
    <ClInclude Include="..\Includes\Libraries\Cereal\types\map.hpp">
      <Filter>Fichiers d%27en-tête\Libraries\Cereal\types</Filter>
    </ClInclude>
    <ClInclude Include="..\Includes\Libraries\Cereal\types\memory.hpp">
      <Filter>Fichiers d%27en-tête\Libraries\Cereal\types</Filter>
    </ClInclude>
    <ClInclude Include="..\Includes\Libraries\Cereal\types\optional.hpp">
      <Filter>Fichiers d%27en-tête\Libraries\Cereal\types</Filter>
    </ClInclude>
    <ClInclude Include="..\Includes\Libraries\Cereal\types\polymorphic.hpp">
      <Filter>Fichiers d%27en-tête\Libraries\Cereal\types</Filter>
    </ClInclude>
    <ClInclude Include="..\Includes\Libraries\Cereal\types\queue.hpp">
      <Filter>Fichiers d%27en-tête\Libraries\Cereal\types</Filter>
    </ClInclude>
    <ClInclude Include="..\Includes\Libraries\Cereal\types\set.hpp">
      <Filter>Fichiers d%27en-tête\Libraries\Cereal\types</Filter>
    </ClInclude>
    <ClInclude Include="..\Includes\Libraries\Cereal\types\stack.hpp">
      <Filter>Fichiers d%27en-tête\Libraries\Cereal\types</Filter>
    </ClInclude>
    <ClInclude Include="..\Includes\Libraries\Cereal\types\string.hpp">
      <Filter>Fichiers d%27en-tête\Libraries\Cereal\types</Filter>
    </ClInclude>
    <ClInclude Include="..\Includes\Libraries\Cereal\types\tuple.hpp">
      <Filter>Fichiers d%27en-tête\Libraries\Cereal\types</Filter>
    </ClInclude>
    <ClInclude Include="..\Includes\Libraries\Cereal\types\unordered_map.hpp">
      <Filter>Fichiers d%27en-tête\Libraries\Cereal\types</Filter>
    </ClInclude>
    <ClInclude Include="..\Includes\Libraries\Cereal\types\unordered_set.hpp">
      <Filter>Fichiers d%27en-tête\Libraries\Cereal\types</Filter>
    </ClInclude>
    <ClInclude Include="..\Includes\Libraries\Cereal\types\utility.hpp">
      <Filter>Fichiers d%27en-tête\Libraries\Cereal\types</Filter>
    </ClInclude>
    <ClInclude Include="..\Includes\Libraries\Cereal\types\valarray.hpp">
      <Filter>Fichiers d%27en-tête\Libraries\Cereal\types</Filter>
    </ClInclude>
    <ClInclude Include="..\Includes\Libraries\Cereal\types\variant.hpp">
      <Filter>Fichiers d%27en-tête\Libraries\Cereal\types</Filter>
    </ClInclude>
    <ClInclude Include="..\Includes\Libraries\Cereal\types\vector.hpp">
      <Filter>Fichiers d%27en-tête\Libraries\Cereal\types</Filter>
    </ClInclude>
    <ClInclude Include="..\Includes\Libraries\Cereal\types\concepts\pair_associative_container.hpp">
      <Filter>Fichiers d%27en-tête\Libraries\Cereal\types\concepts</Filter>
    </ClInclude>
    <ClInclude Include="..\Includes\Libraries\rttr\access_levels.h">
      <Filter>Fichiers d%27en-tête\Libraries\rttr</Filter>
    </ClInclude>
    <ClInclude Include="..\Includes\Libraries\rttr\argument.h">
      <Filter>Fichiers d%27en-tête\Libraries\rttr</Filter>
    </ClInclude>
    <ClInclude Include="..\Includes\Libraries\rttr\array_range.h">
      <Filter>Fichiers d%27en-tête\Libraries\rttr</Filter>
    </ClInclude>
    <ClInclude Include="..\Includes\Libraries\rttr\associative_mapper.h">
      <Filter>Fichiers d%27en-tête\Libraries\rttr</Filter>
    </ClInclude>
    <ClInclude Include="..\Includes\Libraries\rttr\constructor.h">
      <Filter>Fichiers d%27en-tête\Libraries\rttr</Filter>
    </ClInclude>
    <ClInclude Include="..\Includes\Libraries\rttr\destructor.h">
      <Filter>Fichiers d%27en-tête\Libraries\rttr</Filter>
    </ClInclude>
    <ClInclude Include="..\Includes\Libraries\rttr\enumeration.h">
      <Filter>Fichiers d%27en-tête\Libraries\rttr</Filter>
    </ClInclude>
    <ClInclude Include="..\Includes\Libraries\rttr\enum_flags.h">
      <Filter>Fichiers d%27en-tête\Libraries\rttr</Filter>
    </ClInclude>
    <ClInclude Include="..\Includes\Libraries\rttr\filter_item.h">
      <Filter>Fichiers d%27en-tête\Libraries\rttr</Filter>
    </ClInclude>
    <ClInclude Include="..\Includes\Libraries\rttr\instance.h">
      <Filter>Fichiers d%27en-tête\Libraries\rttr</Filter>
    </ClInclude>
    <ClInclude Include="..\Includes\Libraries\rttr\library.h">
      <Filter>Fichiers d%27en-tête\Libraries\rttr</Filter>
    </ClInclude>
    <ClInclude Include="..\Includes\Libraries\rttr\method.h">
      <Filter>Fichiers d%27en-tête\Libraries\rttr</Filter>
    </ClInclude>
    <ClInclude Include="..\Includes\Libraries\rttr\parameter_info.h">
      <Filter>Fichiers d%27en-tête\Libraries\rttr</Filter>
    </ClInclude>
    <ClInclude Include="..\Includes\Libraries\rttr\policy.h">
      <Filter>Fichiers d%27en-tête\Libraries\rttr</Filter>
    </ClInclude>
    <ClInclude Include="..\Includes\Libraries\rttr\property.h">
      <Filter>Fichiers d%27en-tête\Libraries\rttr</Filter>
    </ClInclude>
    <ClInclude Include="..\Includes\Libraries\rttr\registration.h">
      <Filter>Fichiers d%27en-tête\Libraries\rttr</Filter>
    </ClInclude>
    <ClInclude Include="..\Includes\Libraries\rttr\registration_friend.h">
      <Filter>Fichiers d%27en-tête\Libraries\rttr</Filter>
    </ClInclude>
    <ClInclude Include="..\Includes\Libraries\rttr\rttr_cast.h">
      <Filter>Fichiers d%27en-tête\Libraries\rttr</Filter>
    </ClInclude>
    <ClInclude Include="..\Includes\Libraries\rttr\rttr_enable.h">
      <Filter>Fichiers d%27en-tête\Libraries\rttr</Filter>
    </ClInclude>
    <ClInclude Include="..\Includes\Libraries\rttr\sequential_mapper.h">
      <Filter>Fichiers d%27en-tête\Libraries\rttr</Filter>
    </ClInclude>
    <ClInclude Include="..\Includes\Libraries\rttr\string_view.h">
      <Filter>Fichiers d%27en-tête\Libraries\rttr</Filter>
    </ClInclude>
    <ClInclude Include="..\Includes\Libraries\rttr\type.h">
      <Filter>Fichiers d%27en-tête\Libraries\rttr</Filter>
    </ClInclude>
    <ClInclude Include="..\Includes\Libraries\rttr\type_list.h">
      <Filter>Fichiers d%27en-tête\Libraries\rttr</Filter>
    </ClInclude>
    <ClInclude Include="..\Includes\Libraries\rttr\variant.h">
      <Filter>Fichiers d%27en-tête\Libraries\rttr</Filter>
    </ClInclude>
    <ClInclude Include="..\Includes\Libraries\rttr\variant_associative_view.h">
      <Filter>Fichiers d%27en-tête\Libraries\rttr</Filter>
    </ClInclude>
    <ClInclude Include="..\Includes\Libraries\rttr\variant_sequential_view.h">
      <Filter>Fichiers d%27en-tête\Libraries\rttr</Filter>
    </ClInclude>
    <ClInclude Include="..\Includes\Libraries\rttr\visitor.h">
      <Filter>Fichiers d%27en-tête\Libraries\rttr</Filter>
    </ClInclude>
    <ClInclude Include="..\Includes\Libraries\rttr\wrapper_mapper.h">
      <Filter>Fichiers d%27en-tête\Libraries\rttr</Filter>
    </ClInclude>
    <ClInclude Include="..\Includes\Libraries\rttr\detail\base\core_prerequisites.h">
      <Filter>Fichiers d%27en-tête\Libraries\rttr\detail\base</Filter>
    </ClInclude>
    <ClInclude Include="..\Includes\Libraries\rttr\detail\base\version.h">
      <Filter>Fichiers d%27en-tête\Libraries\rttr\detail\base</Filter>
    </ClInclude>
    <ClInclude Include="..\Includes\Libraries\rttr\detail\comparison\comparable_types.h">
      <Filter>Fichiers d%27en-tête\Libraries\rttr\detail\comparison</Filter>
    </ClInclude>
    <ClInclude Include="..\Includes\Libraries\rttr\detail\comparison\compare_array_equal.h">
      <Filter>Fichiers d%27en-tête\Libraries\rttr\detail\comparison</Filter>
    </ClInclude>
    <ClInclude Include="..\Includes\Libraries\rttr\detail\comparison\compare_array_equal_impl.h">
      <Filter>Fichiers d%27en-tête\Libraries\rttr\detail\comparison</Filter>
    </ClInclude>
    <ClInclude Include="..\Includes\Libraries\rttr\detail\comparison\compare_array_less.h">
      <Filter>Fichiers d%27en-tête\Libraries\rttr\detail\comparison</Filter>
    </ClInclude>
    <ClInclude Include="..\Includes\Libraries\rttr\detail\comparison\compare_array_less_impl.h">
      <Filter>Fichiers d%27en-tête\Libraries\rttr\detail\comparison</Filter>
    </ClInclude>
    <ClInclude Include="..\Includes\Libraries\rttr\detail\comparison\compare_equal.h">
      <Filter>Fichiers d%27en-tête\Libraries\rttr\detail\comparison</Filter>
    </ClInclude>
    <ClInclude Include="..\Includes\Libraries\rttr\detail\comparison\compare_equal_impl.h">
      <Filter>Fichiers d%27en-tête\Libraries\rttr\detail\comparison</Filter>
    </ClInclude>
    <ClInclude Include="..\Includes\Libraries\rttr\detail\comparison\compare_less.h">
      <Filter>Fichiers d%27en-tête\Libraries\rttr\detail\comparison</Filter>
    </ClInclude>
    <ClInclude Include="..\Includes\Libraries\rttr\detail\comparison\compare_less_impl.h">
      <Filter>Fichiers d%27en-tête\Libraries\rttr\detail\comparison</Filter>
    </ClInclude>
    <ClInclude Include="..\Includes\Libraries\rttr\detail\constructor\constructor_invoker.h">
      <Filter>Fichiers d%27en-tête\Libraries\rttr\detail\constructor</Filter>
    </ClInclude>
    <ClInclude Include="..\Includes\Libraries\rttr\detail\constructor\constructor_wrapper.h">
      <Filter>Fichiers d%27en-tête\Libraries\rttr\detail\constructor</Filter>
    </ClInclude>
    <ClInclude Include="..\Includes\Libraries\rttr\detail\constructor\constructor_wrapper_base.h">
      <Filter>Fichiers d%27en-tête\Libraries\rttr\detail\constructor</Filter>
    </ClInclude>
    <ClInclude Include="..\Includes\Libraries\rttr\detail\constructor\constructor_wrapper_defaults.h">
      <Filter>Fichiers d%27en-tête\Libraries\rttr\detail\constructor</Filter>
    </ClInclude>
    <ClInclude Include="..\Includes\Libraries\rttr\detail\conversion\number_conversion.h">
      <Filter>Fichiers d%27en-tête\Libraries\rttr\detail\conversion</Filter>
    </ClInclude>
    <ClInclude Include="..\Includes\Libraries\rttr\detail\conversion\std_conversion_functions.h">
      <Filter>Fichiers d%27en-tête\Libraries\rttr\detail\conversion</Filter>
    </ClInclude>
    <ClInclude Include="..\Includes\Libraries\rttr\detail\default_arguments\default_arguments.h">
      <Filter>Fichiers d%27en-tête\Libraries\rttr\detail\default_arguments</Filter>
    </ClInclude>
    <ClInclude Include="..\Includes\Libraries\rttr\detail\default_arguments\invoke_with_defaults.h">
      <Filter>Fichiers d%27en-tête\Libraries\rttr\detail\default_arguments</Filter>
    </ClInclude>
    <ClInclude Include="..\Includes\Libraries\rttr\detail\destructor\destructor_wrapper.h">
      <Filter>Fichiers d%27en-tête\Libraries\rttr\detail\destructor</Filter>
    </ClInclude>
    <ClInclude Include="..\Includes\Libraries\rttr\detail\destructor\destructor_wrapper_base.h">
      <Filter>Fichiers d%27en-tête\Libraries\rttr\detail\destructor</Filter>
    </ClInclude>
    <ClInclude Include="..\Includes\Libraries\rttr\detail\enumeration\enumeration_helper.h">
      <Filter>Fichiers d%27en-tête\Libraries\rttr\detail\enumeration</Filter>
    </ClInclude>
    <ClInclude Include="..\Includes\Libraries\rttr\detail\enumeration\enumeration_wrapper.h">
      <Filter>Fichiers d%27en-tête\Libraries\rttr\detail\enumeration</Filter>
    </ClInclude>
    <ClInclude Include="..\Includes\Libraries\rttr\detail\enumeration\enumeration_wrapper_base.h">
      <Filter>Fichiers d%27en-tête\Libraries\rttr\detail\enumeration</Filter>
    </ClInclude>
    <ClInclude Include="..\Includes\Libraries\rttr\detail\enumeration\enum_data.h">
      <Filter>Fichiers d%27en-tête\Libraries\rttr\detail\enumeration</Filter>
    </ClInclude>
    <ClInclude Include="..\Includes\Libraries\rttr\detail\filter\filter_item_funcs.h">
      <Filter>Fichiers d%27en-tête\Libraries\rttr\detail\filter</Filter>
    </ClInclude>
    <ClInclude Include="..\Includes\Libraries\rttr\detail\impl\argument_impl.h">
      <Filter>Fichiers d%27en-tête\Libraries\rttr\detail\impl</Filter>
    </ClInclude>
    <ClInclude Include="..\Includes\Libraries\rttr\detail\impl\array_range_impl.h">
      <Filter>Fichiers d%27en-tête\Libraries\rttr\detail\impl</Filter>
    </ClInclude>
    <ClInclude Include="..\Includes\Libraries\rttr\detail\impl\associative_mapper_impl.h">
      <Filter>Fichiers d%27en-tête\Libraries\rttr\detail\impl</Filter>
    </ClInclude>
    <ClInclude Include="..\Includes\Libraries\rttr\detail\impl\enum_flags_impl.h">
      <Filter>Fichiers d%27en-tête\Libraries\rttr\detail\impl</Filter>
    </ClInclude>
    <ClInclude Include="..\Includes\Libraries\rttr\detail\impl\instance_impl.h">
      <Filter>Fichiers d%27en-tête\Libraries\rttr\detail\impl</Filter>
    </ClInclude>
    <ClInclude Include="..\Includes\Libraries\rttr\detail\impl\rttr_cast_impl.h">
      <Filter>Fichiers d%27en-tête\Libraries\rttr\detail\impl</Filter>
    </ClInclude>
    <ClInclude Include="..\Includes\Libraries\rttr\detail\impl\sequential_mapper_impl.h">
      <Filter>Fichiers d%27en-tête\Libraries\rttr\detail\impl</Filter>
    </ClInclude>
    <ClInclude Include="..\Includes\Libraries\rttr\detail\impl\string_view_impl.h">
      <Filter>Fichiers d%27en-tête\Libraries\rttr\detail\impl</Filter>
    </ClInclude>
    <ClInclude Include="..\Includes\Libraries\rttr\detail\impl\wrapper_mapper_impl.h">
      <Filter>Fichiers d%27en-tête\Libraries\rttr\detail\impl</Filter>
    </ClInclude>
    <ClInclude Include="..\Includes\Libraries\rttr\detail\metadata\metadata.h">
      <Filter>Fichiers d%27en-tête\Libraries\rttr\detail\metadata</Filter>
    </ClInclude>
    <ClInclude Include="..\Includes\Libraries\rttr\detail\metadata\metadata_handler.h">
      <Filter>Fichiers d%27en-tête\Libraries\rttr\detail\metadata</Filter>
    </ClInclude>
    <ClInclude Include="..\Includes\Libraries\rttr\detail\method\method_accessor.h">
      <Filter>Fichiers d%27en-tête\Libraries\rttr\detail\method</Filter>
    </ClInclude>
    <ClInclude Include="..\Includes\Libraries\rttr\detail\method\method_invoker.h">
      <Filter>Fichiers d%27en-tête\Libraries\rttr\detail\method</Filter>
    </ClInclude>
    <ClInclude Include="..\Includes\Libraries\rttr\detail\method\method_wrapper.h">
      <Filter>Fichiers d%27en-tête\Libraries\rttr\detail\method</Filter>
    </ClInclude>
    <ClInclude Include="..\Includes\Libraries\rttr\detail\method\method_wrapper_base.h">
      <Filter>Fichiers d%27en-tête\Libraries\rttr\detail\method</Filter>
    </ClInclude>
    <ClInclude Include="..\Includes\Libraries\rttr\detail\misc\argument_extractor.h">
      <Filter>Fichiers d%27en-tête\Libraries\rttr\detail\misc</Filter>
    </ClInclude>
    <ClInclude Include="..\Includes\Libraries\rttr\detail\misc\argument_wrapper.h">
      <Filter>Fichiers d%27en-tête\Libraries\rttr\detail\misc</Filter>
    </ClInclude>
    <ClInclude Include="..\Includes\Libraries\rttr\detail\misc\class_item_mapper.h">
      <Filter>Fichiers d%27en-tête\Libraries\rttr\detail\misc</Filter>
    </ClInclude>
    <ClInclude Include="..\Includes\Libraries\rttr\detail\misc\data_address_container.h">
      <Filter>Fichiers d%27en-tête\Libraries\rttr\detail\misc</Filter>
    </ClInclude>
    <ClInclude Include="..\Includes\Libraries\rttr\detail\misc\flat_map.h">
      <Filter>Fichiers d%27en-tête\Libraries\rttr\detail\misc</Filter>
    </ClInclude>
    <ClInclude Include="..\Includes\Libraries\rttr\detail\misc\flat_multimap.h">
      <Filter>Fichiers d%27en-tête\Libraries\rttr\detail\misc</Filter>
    </ClInclude>
    <ClInclude Include="..\Includes\Libraries\rttr\detail\misc\function_traits.h">
      <Filter>Fichiers d%27en-tête\Libraries\rttr\detail\misc</Filter>
    </ClInclude>
    <ClInclude Include="..\Includes\Libraries\rttr\detail\misc\iterator_wrapper.h">
      <Filter>Fichiers d%27en-tête\Libraries\rttr\detail\misc</Filter>
    </ClInclude>
    <ClInclude Include="..\Includes\Libraries\rttr\detail\misc\misc_type_traits.h">
      <Filter>Fichiers d%27en-tête\Libraries\rttr\detail\misc</Filter>
    </ClInclude>
    <ClInclude Include="..\Includes\Libraries\rttr\detail\misc\register_wrapper_mapper_conversion.h">
      <Filter>Fichiers d%27en-tête\Libraries\rttr\detail\misc</Filter>
    </ClInclude>
    <ClInclude Include="..\Includes\Libraries\rttr\detail\misc\sequential_container_type_traits.h">
      <Filter>Fichiers d%27en-tête\Libraries\rttr\detail\misc</Filter>
    </ClInclude>
    <ClInclude Include="..\Includes\Libraries\rttr\detail\misc\std_type_traits.h">
      <Filter>Fichiers d%27en-tête\Libraries\rttr\detail\misc</Filter>
    </ClInclude>
    <ClInclude Include="..\Includes\Libraries\rttr\detail\misc\template_type_trait.h">
      <Filter>Fichiers d%27en-tête\Libraries\rttr\detail\misc</Filter>
    </ClInclude>
    <ClInclude Include="..\Includes\Libraries\rttr\detail\misc\template_type_trait_impl.h">
      <Filter>Fichiers d%27en-tête\Libraries\rttr\detail\misc</Filter>
    </ClInclude>
    <ClInclude Include="..\Includes\Libraries\rttr\detail\misc\utility.h">
      <Filter>Fichiers d%27en-tête\Libraries\rttr\detail\misc</Filter>
    </ClInclude>
    <ClInclude Include="..\Includes\Libraries\rttr\detail\variant\variant_compare.h">
      <Filter>Fichiers d%27en-tête\Libraries\rttr\detail\variant</Filter>
    </ClInclude>
    <ClInclude Include="..\Includes\Libraries\rttr\detail\variant\variant_data.h">
      <Filter>Fichiers d%27en-tête\Libraries\rttr\detail\variant</Filter>
    </ClInclude>
    <ClInclude Include="..\Includes\Libraries\rttr\detail\variant\variant_data_converter.h">
      <Filter>Fichiers d%27en-tête\Libraries\rttr\detail\variant</Filter>
    </ClInclude>
    <ClInclude Include="..\Includes\Libraries\rttr\detail\variant\variant_data_policy.h">
      <Filter>Fichiers d%27en-tête\Libraries\rttr\detail\variant</Filter>
    </ClInclude>
    <ClInclude Include="..\Includes\Libraries\rttr\detail\variant\variant_impl.h">
      <Filter>Fichiers d%27en-tête\Libraries\rttr\detail\variant</Filter>
    </ClInclude>
    <ClInclude Include="..\Includes\Libraries\rttr\detail\parameter_info\parameter_infos.h">
      <Filter>Fichiers d%27en-tête\Libraries\rttr\detail\parameter_info</Filter>
    </ClInclude>
    <ClInclude Include="..\Includes\Libraries\rttr\detail\parameter_info\parameter_infos_compare.h">
      <Filter>Fichiers d%27en-tête\Libraries\rttr\detail\parameter_info</Filter>
    </ClInclude>
    <ClInclude Include="..\Includes\Libraries\rttr\detail\parameter_info\parameter_info_wrapper.h">
      <Filter>Fichiers d%27en-tête\Libraries\rttr\detail\parameter_info</Filter>
    </ClInclude>
    <ClInclude Include="..\Includes\Libraries\rttr\detail\parameter_info\parameter_info_wrapper_base.h">
      <Filter>Fichiers d%27en-tête\Libraries\rttr\detail\parameter_info</Filter>
    </ClInclude>
    <ClInclude Include="..\Includes\Libraries\rttr\detail\parameter_info\parameter_names.h">
      <Filter>Fichiers d%27en-tête\Libraries\rttr\detail\parameter_info</Filter>
    </ClInclude>
    <ClInclude Include="..\Includes\Libraries\rttr\detail\type\accessor_type.h">
      <Filter>Fichiers d%27en-tête\Libraries\rttr\detail\type</Filter>
    </ClInclude>
    <ClInclude Include="..\Includes\Libraries\rttr\detail\type\base_classes.h">
      <Filter>Fichiers d%27en-tête\Libraries\rttr\detail\type</Filter>
    </ClInclude>
    <ClInclude Include="..\Includes\Libraries\rttr\detail\type\get_create_variant_func.h">
      <Filter>Fichiers d%27en-tête\Libraries\rttr\detail\type</Filter>
    </ClInclude>
    <ClInclude Include="..\Includes\Libraries\rttr\detail\type\get_derived_info_func.h">
      <Filter>Fichiers d%27en-tête\Libraries\rttr\detail\type</Filter>
    </ClInclude>
    <ClInclude Include="..\Includes\Libraries\rttr\detail\type\type_comparator.h">
      <Filter>Fichiers d%27en-tête\Libraries\rttr\detail\type</Filter>
    </ClInclude>
    <ClInclude Include="..\Includes\Libraries\rttr\detail\type\type_converter.h">
      <Filter>Fichiers d%27en-tête\Libraries\rttr\detail\type</Filter>
    </ClInclude>
    <ClInclude Include="..\Includes\Libraries\rttr\detail\type\type_data.h">
      <Filter>Fichiers d%27en-tête\Libraries\rttr\detail\type</Filter>
    </ClInclude>
    <ClInclude Include="..\Includes\Libraries\rttr\detail\type\type_impl.h">
      <Filter>Fichiers d%27en-tête\Libraries\rttr\detail\type</Filter>
    </ClInclude>
    <ClInclude Include="..\Includes\Libraries\rttr\detail\type\type_name.h">
      <Filter>Fichiers d%27en-tête\Libraries\rttr\detail\type</Filter>
    </ClInclude>
    <ClInclude Include="..\Includes\Libraries\rttr\detail\type\type_register.h">
      <Filter>Fichiers d%27en-tête\Libraries\rttr\detail\type</Filter>
    </ClInclude>
    <ClInclude Include="..\Includes\Libraries\rttr\detail\type\type_string_utils.h">
      <Filter>Fichiers d%27en-tête\Libraries\rttr\detail\type</Filter>
    </ClInclude>
    <ClInclude Include="..\Includes\Libraries\rttr\detail\registration\bind_impl.h">
      <Filter>Fichiers d%27en-tête\Libraries\rttr\detail\registration</Filter>
    </ClInclude>
    <ClInclude Include="..\Includes\Libraries\rttr\detail\registration\bind_types.h">
      <Filter>Fichiers d%27en-tête\Libraries\rttr\detail\registration</Filter>
    </ClInclude>
    <ClInclude Include="..\Includes\Libraries\rttr\detail\registration\register_base_class_from_accessor.h">
      <Filter>Fichiers d%27en-tête\Libraries\rttr\detail\registration</Filter>
    </ClInclude>
    <ClInclude Include="..\Includes\Libraries\rttr\detail\registration\registration_executer.h">
      <Filter>Fichiers d%27en-tête\Libraries\rttr\detail\registration</Filter>
    </ClInclude>
    <ClInclude Include="..\Includes\Libraries\rttr\detail\registration\registration_impl.h">
      <Filter>Fichiers d%27en-tête\Libraries\rttr\detail\registration</Filter>
    </ClInclude>
    <ClInclude Include="..\Includes\Libraries\rttr\detail\registration\registration_manager.h">
      <Filter>Fichiers d%27en-tête\Libraries\rttr\detail\registration</Filter>
    </ClInclude>
    <ClInclude Include="..\Includes\Libraries\rttr\detail\registration\registration_state_saver.h">
      <Filter>Fichiers d%27en-tête\Libraries\rttr\detail\registration</Filter>
    </ClInclude>
    <ClInclude Include="..\Includes\Libraries\rttr\detail\property\property_accessor.h">
      <Filter>Fichiers d%27en-tête\Libraries\rttr\detail\property</Filter>
    </ClInclude>
    <ClInclude Include="..\Includes\Libraries\rttr\detail\property\property_wrapper.h">
      <Filter>Fichiers d%27en-tête\Libraries\rttr\detail\property</Filter>
    </ClInclude>
    <ClInclude Include="..\Includes\Libraries\rttr\detail\property\property_wrapper_base.h">
      <Filter>Fichiers d%27en-tête\Libraries\rttr\detail\property</Filter>
    </ClInclude>
    <ClInclude Include="..\Includes\Libraries\rttr\detail\property\property_wrapper_func.h">
      <Filter>Fichiers d%27en-tête\Libraries\rttr\detail\property</Filter>
    </ClInclude>
    <ClInclude Include="..\Includes\Libraries\rttr\detail\property\property_wrapper_member_func.h">
      <Filter>Fichiers d%27en-tête\Libraries\rttr\detail\property</Filter>
    </ClInclude>
    <ClInclude Include="..\Includes\Libraries\rttr\detail\property\property_wrapper_member_object.h">
      <Filter>Fichiers d%27en-tête\Libraries\rttr\detail\property</Filter>
    </ClInclude>
    <ClInclude Include="..\Includes\Libraries\rttr\detail\property\property_wrapper_object.h">
      <Filter>Fichiers d%27en-tête\Libraries\rttr\detail\property</Filter>
    </ClInclude>
    <ClInclude Include="..\Includes\Libraries\rttr\detail\policies\ctor_policies.h">
      <Filter>Fichiers d%27en-tête\Libraries\rttr\detail\policies</Filter>
    </ClInclude>
    <ClInclude Include="..\Includes\Libraries\rttr\detail\policies\meth_policies.h">
      <Filter>Fichiers d%27en-tête\Libraries\rttr\detail\policies</Filter>
    </ClInclude>
    <ClInclude Include="..\Includes\Libraries\rttr\detail\policies\prop_policies.h">
      <Filter>Fichiers d%27en-tête\Libraries\rttr\detail\policies</Filter>
    </ClInclude>
    <ClInclude Include="..\Includes\Libraries\rttr\detail\variant_associative_view\variant_associative_view_creator.h">
      <Filter>Fichiers d%27en-tête\Libraries\rttr\detail\variant_associative_view</Filter>
    </ClInclude>
    <ClInclude Include="..\Includes\Libraries\rttr\detail\variant_associative_view\variant_associative_view_creator_impl.h">
      <Filter>Fichiers d%27en-tête\Libraries\rttr\detail\variant_associative_view</Filter>
    </ClInclude>
    <ClInclude Include="..\Includes\Libraries\rttr\detail\variant_associative_view\variant_associative_view_private.h">
      <Filter>Fichiers d%27en-tête\Libraries\rttr\detail\variant_associative_view</Filter>
    </ClInclude>
    <ClInclude Include="..\Includes\Libraries\rttr\detail\variant_sequential_view\variant_sequential_view_creator.h">
      <Filter>Fichiers d%27en-tête\Libraries\rttr\detail\variant_sequential_view</Filter>
    </ClInclude>
    <ClInclude Include="..\Includes\Libraries\rttr\detail\variant_sequential_view\variant_sequential_view_creator_impl.h">
      <Filter>Fichiers d%27en-tête\Libraries\rttr\detail\variant_sequential_view</Filter>
    </ClInclude>
    <ClInclude Include="..\Includes\Libraries\rttr\detail\variant_sequential_view\variant_sequential_view_private.h">
      <Filter>Fichiers d%27en-tête\Libraries\rttr\detail\variant_sequential_view</Filter>
    </ClInclude>
    <ClInclude Include="..\Includes\Libraries\rttr\detail\visitor\constructor_visitor_invoker.h">
      <Filter>Fichiers d%27en-tête\Libraries\rttr\detail\visitor</Filter>
    </ClInclude>
    <ClInclude Include="..\Includes\Libraries\rttr\detail\visitor\create_type_visitor_func.h">
      <Filter>Fichiers d%27en-tête\Libraries\rttr\detail\visitor</Filter>
    </ClInclude>
    <ClInclude Include="..\Includes\Libraries\rttr\detail\visitor\create_type_visitor_func_impl.h">
      <Filter>Fichiers d%27en-tête\Libraries\rttr\detail\visitor</Filter>
    </ClInclude>
    <ClInclude Include="..\Includes\Libraries\rttr\detail\visitor\method_visitor_invoker.h">
      <Filter>Fichiers d%27en-tête\Libraries\rttr\detail\visitor</Filter>
    </ClInclude>
    <ClInclude Include="..\Includes\Libraries\rttr\detail\visitor\property_visitor_invoker.h">
      <Filter>Fichiers d%27en-tête\Libraries\rttr\detail\visitor</Filter>
    </ClInclude>
    <ClInclude Include="..\Includes\Libraries\rttr\detail\visitor\type_visitor_invoker.h">
      <Filter>Fichiers d%27en-tête\Libraries\rttr\detail\visitor</Filter>
    </ClInclude>
    <ClInclude Include="..\Includes\Libraries\rttr\detail\visitor\visitor_impl.h">
      <Filter>Fichiers d%27en-tête\Libraries\rttr\detail\visitor</Filter>
    </ClInclude>
    <ClInclude Include="..\Includes\Libraries\rttr\detail\visitor\visitor_iterator.h">
      <Filter>Fichiers d%27en-tête\Libraries\rttr\detail\visitor</Filter>
    </ClInclude>
    <ClInclude Include="..\Includes\Libraries\rttr\detail\visitor\visitor_registration.h">
      <Filter>Fichiers d%27en-tête\Libraries\rttr\detail\visitor</Filter>
    </ClInclude>
    <ClInclude Include="..\Includes\Libraries\GL\eglew.h">
      <Filter>Fichiers d%27en-tête\Libraries\GL</Filter>
    </ClInclude>
    <ClInclude Include="..\Includes\Libraries\GL\glew.h">
      <Filter>Fichiers d%27en-tête\Libraries\GL</Filter>
    </ClInclude>
    <ClInclude Include="..\Includes\Libraries\GL\glxew.h">
      <Filter>Fichiers d%27en-tête\Libraries\GL</Filter>
    </ClInclude>
    <ClInclude Include="..\Includes\Libraries\GL\wglew.h">
      <Filter>Fichiers d%27en-tête\Libraries\GL</Filter>
    </ClInclude>
    <ClInclude Include="..\Includes\Libraries\GLFW\glfw3.h">
      <Filter>Fichiers d%27en-tête\Libraries\GLFW</Filter>
    </ClInclude>
    <ClInclude Include="..\Includes\Libraries\GLFW\glfw3native.h">
      <Filter>Fichiers d%27en-tête\Libraries\GLFW</Filter>
    </ClInclude>
    <ClInclude Include="..\Includes\Libraries\ImGui\imconfig.h">
      <Filter>Fichiers d%27en-tête\Libraries\ImGui</Filter>
    </ClInclude>
    <ClInclude Include="..\Includes\Libraries\ImGui\imgui.h">
      <Filter>Fichiers d%27en-tête\Libraries\ImGui</Filter>
    </ClInclude>
    <ClInclude Include="..\Includes\Libraries\ImGui\imgui_impl_glfw.h">
      <Filter>Fichiers d%27en-tête\Libraries\ImGui</Filter>
    </ClInclude>
    <ClInclude Include="..\Includes\Libraries\ImGui\imgui_impl_opengl3.h">
      <Filter>Fichiers d%27en-tête\Libraries\ImGui</Filter>
    </ClInclude>
    <ClInclude Include="..\Includes\Libraries\ImGui\imgui_internal.h">
      <Filter>Fichiers d%27en-tête\Libraries\ImGui</Filter>
    </ClInclude>
    <ClInclude Include="..\Includes\Libraries\ImGui\imstb_rectpack.h">
      <Filter>Fichiers d%27en-tête\Libraries\ImGui</Filter>
    </ClInclude>
    <ClInclude Include="..\Includes\Libraries\ImGui\imstb_textedit.h">
      <Filter>Fichiers d%27en-tête\Libraries\ImGui</Filter>
    </ClInclude>
    <ClInclude Include="..\Includes\Libraries\ImGui\imstb_truetype.h">
      <Filter>Fichiers d%27en-tête\Libraries\ImGui</Filter>
    </ClInclude>
    <ClInclude Include="..\Includes\Maths\Mat4.h">
      <Filter>Fichiers d%27en-tête\Maths</Filter>
    </ClInclude>
    <ClInclude Include="..\Includes\Maths\MathsTools.h">
      <Filter>Fichiers d%27en-tête\Maths</Filter>
    </ClInclude>
    <ClInclude Include="..\Includes\Maths\Quaternion.h">
      <Filter>Fichiers d%27en-tête\Maths</Filter>
    </ClInclude>
    <ClInclude Include="..\Includes\Maths\Vec2.h">
      <Filter>Fichiers d%27en-tête\Maths</Filter>
    </ClInclude>
    <ClInclude Include="..\Includes\Maths\Vec3.h">
      <Filter>Fichiers d%27en-tête\Maths</Filter>
    </ClInclude>
    <ClInclude Include="..\Includes\Maths\Vec4.h">
      <Filter>Fichiers d%27en-tête\Maths</Filter>
    </ClInclude>
    <ClInclude Include="..\Includes\Physic\Physics.h">
      <Filter>Fichiers d%27en-tête\Physic</Filter>
    </ClInclude>
    <ClInclude Include="..\Includes\Physic\RigidBody.h">
      <Filter>Fichiers d%27en-tête\Physic</Filter>
    </ClInclude>
    <ClInclude Include="..\Includes\Physic\Transform.h">
      <Filter>Fichiers d%27en-tête\Physic</Filter>
    </ClInclude>
    <ClInclude Include="..\Includes\DLL.h">
      <Filter>Fichiers d%27en-tête</Filter>
    </ClInclude>
    <ClInclude Include="..\Includes\Galatea.h">
      <Filter>Fichiers d%27en-tête</Filter>
    </ClInclude>
  </ItemGroup>
  <ItemGroup>
    <None Include="..\Includes\Debug\Log.inl">
      <Filter>Fichiers d%27en-tête\Debug</Filter>
    </None>
    <None Include="..\Includes\Inputs\Event.inl">
      <Filter>Fichiers d%27en-tête\Inputs</Filter>
    </None>
    <None Include="..\Includes\Inputs\GamepadState.inl">
      <Filter>Fichiers d%27en-tête\Inputs</Filter>
    </None>
    <None Include="..\Includes\Inputs\Input.inl">
      <Filter>Fichiers d%27en-tête\Inputs</Filter>
    </None>
    <None Include="..\Includes\Inputs\InputAction.inl">
      <Filter>Fichiers d%27en-tête\Inputs</Filter>
    </None>
    <None Include="..\Includes\Inputs\InputAxis.inl">
      <Filter>Fichiers d%27en-tête\Inputs</Filter>
    </None>
    <None Include="..\Includes\Inputs\InputManager.inl">
      <Filter>Fichiers d%27en-tête\Inputs</Filter>
    </None>
    <None Include="..\Includes\Inputs\InputPattern.inl">
      <Filter>Fichiers d%27en-tête\Inputs</Filter>
    </None>
    <None Include="..\Includes\Inputs\InputType.inl">
      <Filter>Fichiers d%27en-tête\Inputs</Filter>
    </None>
    <None Include="..\Includes\Libraries\assimp\.editorconfig">
      <Filter>Fichiers d%27en-tête\Libraries\Assimp</Filter>
    </None>
    <None Include="..\Includes\Libraries\assimp\color4.inl">
      <Filter>Fichiers d%27en-tête\Libraries\Assimp</Filter>
    </None>
    <None Include="..\Includes\Libraries\assimp\config.h.in">
      <Filter>Fichiers d%27en-tête\Libraries\Assimp</Filter>
    </None>
    <None Include="..\Includes\Libraries\assimp\material.inl">
      <Filter>Fichiers d%27en-tête\Libraries\Assimp</Filter>
    </None>
    <None Include="..\Includes\Libraries\assimp\matrix3x3.inl">
      <Filter>Fichiers d%27en-tête\Libraries\Assimp</Filter>
    </None>
    <None Include="..\Includes\Libraries\assimp\matrix4x4.inl">
      <Filter>Fichiers d%27en-tête\Libraries\Assimp</Filter>
    </None>
    <None Include="..\Includes\Libraries\assimp\quaternion.inl">
      <Filter>Fichiers d%27en-tête\Libraries\Assimp</Filter>
    </None>
    <None Include="..\Includes\Libraries\assimp\SmoothingGroups.inl">
      <Filter>Fichiers d%27en-tête\Libraries\Assimp</Filter>
    </None>
    <None Include="..\Includes\Libraries\assimp\vector2.inl">
      <Filter>Fichiers d%27en-tête\Libraries\Assimp</Filter>
    </None>
    <None Include="..\Includes\Libraries\assimp\vector3.inl">
      <Filter>Fichiers d%27en-tête\Libraries\Assimp</Filter>
    </None>
    <None Include="..\Includes\Libraries\Cereal\external\rapidxml\manual.html">
      <Filter>Fichiers d%27en-tête\Libraries\Cereal\external\rapidxml</Filter>
    </None>
    <None Include="..\Includes\Libraries\rttr\registration">
      <Filter>Fichiers d%27en-tête\Libraries\rttr</Filter>
    </None>
    <None Include="..\Includes\Libraries\rttr\registration_friend">
      <Filter>Fichiers d%27en-tête\Libraries\rttr</Filter>
    </None>
    <None Include="..\Includes\Libraries\rttr\type">
      <Filter>Fichiers d%27en-tête\Libraries\rttr</Filter>
    </None>
    <None Include="..\Includes\Maths\Mat4.inl">
      <Filter>Fichiers d%27en-tête\Maths</Filter>
    </None>
    <None Include="..\Includes\Maths\Quaternion.inl">
      <Filter>Fichiers d%27en-tête\Maths</Filter>
    </None>
    <None Include="..\Includes\Maths\Vec2.inl">
      <Filter>Fichiers d%27en-tête\Maths</Filter>
    </None>
    <None Include="..\Includes\Maths\Vec3.inl">
      <Filter>Fichiers d%27en-tête\Maths</Filter>
    </None>
    <None Include="..\Includes\Maths\Vec4.inl">
      <Filter>Fichiers d%27en-tête\Maths</Filter>
    </None>
    <None Include="..\Includes\Physic\Transform.inl">
      <Filter>Fichiers d%27en-tête\Physic</Filter>
    </None>
  </ItemGroup>
  <ItemGroup>
    <Text Include="..\Includes\Libraries\Cereal\external\rapidxml\license.txt">
      <Filter>Fichiers d%27en-tête\Libraries\Cereal\external\rapidxml</Filter>
    </Text>
  </ItemGroup>
</Project>