<?xml version="1.0" encoding="utf-8"?>
<Project ToolsVersion="4.0" xmlns="http://schemas.microsoft.com/developer/msbuild/2003">
  <ItemGroup>
    <Filter Include="Fichiers sources">
      <UniqueIdentifier>{4FC737F1-C7A5-4376-A066-2A32D752A2FF}</UniqueIdentifier>
      <Extensions>cpp;c;cc;cxx;def;odl;idl;hpj;bat;asm;asmx</Extensions>
    </Filter>
    <Filter Include="Fichiers d%27en-tête">
      <UniqueIdentifier>{93995380-89BD-4b04-88EB-625FBE52EBFB}</UniqueIdentifier>
      <Extensions>h;hh;hpp;hxx;hm;inl;inc;ipp;xsd</Extensions>
    </Filter>
    <Filter Include="Fichiers de ressources">
      <UniqueIdentifier>{67DA6AB6-F800-4c08-8B7A-83BB121AAD01}</UniqueIdentifier>
      <Extensions>rc;ico;cur;bmp;dlg;rc2;rct;bin;rgs;gif;jpg;jpeg;jpe;resx;tiff;tif;png;wav;mfcribbon-ms</Extensions>
    </Filter>
    <Filter Include="Fichiers sources\Maths">
      <UniqueIdentifier>{d7834eb5-e1c9-4f3c-b51c-a343715f1f40}</UniqueIdentifier>
    </Filter>
    <Filter Include="Fichiers d%27en-tête\Maths">
      <UniqueIdentifier>{89aa1332-cc66-4044-89af-ab3e6a47d0b6}</UniqueIdentifier>
    </Filter>
    <Filter Include="Fichiers d%27en-tête\Libraries">
      <UniqueIdentifier>{db7559f7-2bde-4903-8577-63a0dfba6913}</UniqueIdentifier>
    </Filter>
    <Filter Include="Fichiers d%27en-tête\Libraries\Assimp">
      <UniqueIdentifier>{e78eff04-3923-49fa-aa5b-27a4e553383c}</UniqueIdentifier>
    </Filter>
    <Filter Include="Fichiers d%27en-tête\Libraries\Assimp\Compiler">
      <UniqueIdentifier>{ad6acc7e-8dbc-4985-8f67-3473549e9826}</UniqueIdentifier>
    </Filter>
    <Filter Include="Fichiers d%27en-tête\Libraries\Assimp\port">
      <UniqueIdentifier>{9ed7bc5a-5968-4eff-bf61-2234edbf4c60}</UniqueIdentifier>
    </Filter>
    <Filter Include="Fichiers d%27en-tête\Libraries\Assimp\port\AndroidJNI">
      <UniqueIdentifier>{15b1fc9b-3138-4d38-8961-88fdac2809cb}</UniqueIdentifier>
    </Filter>
    <Filter Include="Fichiers d%27en-tête\Libraries\Cereal">
      <UniqueIdentifier>{f1de146c-0b54-499f-9beb-e236f92e8d32}</UniqueIdentifier>
    </Filter>
    <Filter Include="Fichiers d%27en-tête\Libraries\Cereal\archives">
      <UniqueIdentifier>{eeab1526-70ef-4244-b730-da1305a3b81a}</UniqueIdentifier>
    </Filter>
    <Filter Include="Fichiers d%27en-tête\Libraries\Cereal\details">
      <UniqueIdentifier>{590c3274-4bc5-41ba-934c-bda6ecad850f}</UniqueIdentifier>
    </Filter>
    <Filter Include="Fichiers d%27en-tête\Libraries\Cereal\external">
      <UniqueIdentifier>{d5646eef-4a81-41e2-9c6d-098725053895}</UniqueIdentifier>
    </Filter>
    <Filter Include="Fichiers d%27en-tête\Libraries\Cereal\external\rapidjson">
      <UniqueIdentifier>{e8a2036f-38e6-47f2-b192-7518c7c4c65e}</UniqueIdentifier>
    </Filter>
    <Filter Include="Fichiers d%27en-tête\Libraries\Cereal\external\rapidjson\error">
      <UniqueIdentifier>{cdb9427e-349b-493d-8e55-22835f86a8f8}</UniqueIdentifier>
    </Filter>
    <Filter Include="Fichiers d%27en-tête\Libraries\Cereal\external\rapidjson\internal">
      <UniqueIdentifier>{1f98308f-b085-453d-a3e1-3608810b4c36}</UniqueIdentifier>
    </Filter>
    <Filter Include="Fichiers d%27en-tête\Libraries\Cereal\external\rapidjson\msinttypes">
      <UniqueIdentifier>{f17bb78e-47b5-4928-9399-f85438222529}</UniqueIdentifier>
    </Filter>
    <Filter Include="Fichiers d%27en-tête\Libraries\Cereal\external\rapidxml">
      <UniqueIdentifier>{1e6aa8f2-2262-4510-91fd-60f7d396823b}</UniqueIdentifier>
    </Filter>
    <Filter Include="Fichiers d%27en-tête\Libraries\Cereal\types">
      <UniqueIdentifier>{18421480-abdf-4a98-aaf2-db32f953de24}</UniqueIdentifier>
    </Filter>
    <Filter Include="Fichiers d%27en-tête\Libraries\Cereal\types\concepts">
      <UniqueIdentifier>{d5aab9a2-2126-4899-8dd9-f9f64a2cac27}</UniqueIdentifier>
    </Filter>
    <Filter Include="Fichiers d%27en-tête\Libraries\rttr">
      <UniqueIdentifier>{f58a8839-ac73-42a1-bd02-9adaaf8f02a6}</UniqueIdentifier>
    </Filter>
    <Filter Include="Fichiers d%27en-tête\Libraries\rttr\detail">
      <UniqueIdentifier>{4eddbf26-5ecf-452a-8023-0aaea498dde1}</UniqueIdentifier>
    </Filter>
    <Filter Include="Fichiers d%27en-tête\Libraries\rttr\detail\base">
      <UniqueIdentifier>{fb3bf291-e1a1-4216-8bb9-edcc43ca2a8a}</UniqueIdentifier>
    </Filter>
    <Filter Include="Fichiers d%27en-tête\Libraries\rttr\detail\comparison">
      <UniqueIdentifier>{38945296-96bb-4ae7-9fa4-238c49f21590}</UniqueIdentifier>
    </Filter>
    <Filter Include="Fichiers d%27en-tête\Libraries\rttr\detail\constructor">
      <UniqueIdentifier>{241674f8-8ec2-4fd7-acdf-501b19327133}</UniqueIdentifier>
    </Filter>
    <Filter Include="Fichiers d%27en-tête\Libraries\rttr\detail\conversion">
      <UniqueIdentifier>{12d240cd-cc10-42b4-ae57-605ce5d0f1a6}</UniqueIdentifier>
    </Filter>
    <Filter Include="Fichiers d%27en-tête\Libraries\rttr\detail\default_arguments">
      <UniqueIdentifier>{430c71f5-e350-4ac2-9b80-d3d14cba6eee}</UniqueIdentifier>
    </Filter>
    <Filter Include="Fichiers d%27en-tête\Libraries\rttr\detail\destructor">
      <UniqueIdentifier>{8f78eb91-967b-44a3-81a7-4995e106e7af}</UniqueIdentifier>
    </Filter>
    <Filter Include="Fichiers d%27en-tête\Libraries\rttr\detail\enumeration">
      <UniqueIdentifier>{e503dd54-823f-4b1a-a77a-48f4e5458573}</UniqueIdentifier>
    </Filter>
    <Filter Include="Fichiers d%27en-tête\Libraries\rttr\detail\filter">
      <UniqueIdentifier>{ea6a0a15-046d-4853-a590-8d417279fc12}</UniqueIdentifier>
    </Filter>
    <Filter Include="Fichiers d%27en-tête\Libraries\rttr\detail\impl">
      <UniqueIdentifier>{d23e3cdb-afa2-4f8a-8940-f398ff38139d}</UniqueIdentifier>
    </Filter>
    <Filter Include="Fichiers d%27en-tête\Libraries\rttr\detail\metadata">
      <UniqueIdentifier>{0e031844-1d58-43f6-9e98-4111e5ae746c}</UniqueIdentifier>
    </Filter>
    <Filter Include="Fichiers d%27en-tête\Libraries\rttr\detail\method">
      <UniqueIdentifier>{1a0862d2-dac8-4e1b-943f-6efc30af8dd7}</UniqueIdentifier>
    </Filter>
    <Filter Include="Fichiers d%27en-tête\Libraries\rttr\detail\misc">
      <UniqueIdentifier>{252cba89-288b-4d9b-bdc4-b1d41ea5d1b5}</UniqueIdentifier>
    </Filter>
    <Filter Include="Fichiers d%27en-tête\Libraries\rttr\detail\variant">
      <UniqueIdentifier>{e8f9c86f-28f6-4a9b-9658-adfe946638fe}</UniqueIdentifier>
    </Filter>
    <Filter Include="Fichiers d%27en-tête\Libraries\rttr\detail\parameter_info">
      <UniqueIdentifier>{43a79a74-0d8b-4cd3-917c-4d65bf057930}</UniqueIdentifier>
    </Filter>
    <Filter Include="Fichiers d%27en-tête\Libraries\rttr\detail\type">
      <UniqueIdentifier>{962acf6a-e06c-4a48-8bda-671d43ee616b}</UniqueIdentifier>
    </Filter>
    <Filter Include="Fichiers d%27en-tête\Libraries\rttr\detail\registration">
      <UniqueIdentifier>{21493e5c-d49f-4d81-be71-215b96abd441}</UniqueIdentifier>
    </Filter>
    <Filter Include="Fichiers d%27en-tête\Libraries\rttr\detail\property">
      <UniqueIdentifier>{00c572c5-7a0e-43ff-871e-cfd524ebf8d2}</UniqueIdentifier>
    </Filter>
    <Filter Include="Fichiers d%27en-tête\Libraries\rttr\detail\policies">
      <UniqueIdentifier>{4e5a9df9-9539-4bbb-b595-a8ca9a7118ba}</UniqueIdentifier>
    </Filter>
    <Filter Include="Fichiers d%27en-tête\Libraries\rttr\detail\variant_associative_view">
      <UniqueIdentifier>{74592b23-86a3-45f6-99c0-baa97aaeba3d}</UniqueIdentifier>
    </Filter>
    <Filter Include="Fichiers d%27en-tête\Libraries\rttr\detail\variant_sequential_view">
      <UniqueIdentifier>{ccb73fc7-209c-431c-a866-ef4c61890d5b}</UniqueIdentifier>
    </Filter>
    <Filter Include="Fichiers d%27en-tête\Libraries\rttr\detail\visitor">
      <UniqueIdentifier>{49d3ac67-793f-4ebb-97e3-09280be21b14}</UniqueIdentifier>
    </Filter>
    <Filter Include="Fichiers d%27en-tête\Libraries\GL">
      <UniqueIdentifier>{8e9084da-ac0c-41e7-831c-fd5d0885d723}</UniqueIdentifier>
    </Filter>
    <Filter Include="Fichiers d%27en-tête\Libraries\GLFW">
      <UniqueIdentifier>{3390782c-d651-4ff4-8359-dfb2fa8334be}</UniqueIdentifier>
    </Filter>
  </ItemGroup>
  <ItemGroup>
    <ClCompile Include="..\Sources\Tests\MathsMain.cpp">
      <Filter>Fichiers sources</Filter>
    </ClCompile>
    <ClCompile Include="..\Sources\Maths\Mat.cpp">
      <Filter>Fichiers sources\Maths</Filter>
    </ClCompile>
    <ClCompile Include="..\Sources\Maths\Vec2.cpp">
      <Filter>Fichiers sources\Maths</Filter>
    </ClCompile>
    <ClCompile Include="..\Sources\Maths\Vec3.cpp">
      <Filter>Fichiers sources\Maths</Filter>
    </ClCompile>
  </ItemGroup>
  <ItemGroup>
    <ClInclude Include="..\Includes\Maths\Mat.h">
      <Filter>Fichiers d%27en-tête\Maths</Filter>
    </ClInclude>
    <ClInclude Include="..\Includes\Maths\Mat4.h">
      <Filter>Fichiers d%27en-tête\Maths</Filter>
    </ClInclude>
    <ClInclude Include="..\Includes\Maths\MathsTools.h">
      <Filter>Fichiers d%27en-tête\Maths</Filter>
    </ClInclude>
    <ClInclude Include="..\Includes\Maths\Quaternion.h">
      <Filter>Fichiers d%27en-tête\Maths</Filter>
    </ClInclude>
    <ClInclude Include="..\Includes\Maths\Vec2.h">
      <Filter>Fichiers d%27en-tête\Maths</Filter>
    </ClInclude>
    <ClInclude Include="..\Includes\Maths\Vec3.h">
      <Filter>Fichiers d%27en-tête\Maths</Filter>
    </ClInclude>
    <ClInclude Include="..\Includes\Maths\Vec4.h">
      <Filter>Fichiers d%27en-tête\Maths</Filter>
    </ClInclude>
    <ClInclude Include="..\Includes\Libraries\stb_image.h">
      <Filter>Fichiers d%27en-tête\Libraries</Filter>
    </ClInclude>
    <ClInclude Include="..\Includes\Libraries\assimp\aabb.h">
      <Filter>Fichiers d%27en-tête\Libraries\Assimp</Filter>
    </ClInclude>
    <ClInclude Include="..\Includes\Libraries\assimp\ai_assert.h">
      <Filter>Fichiers d%27en-tête\Libraries\Assimp</Filter>
    </ClInclude>
    <ClInclude Include="..\Includes\Libraries\assimp\anim.h">
      <Filter>Fichiers d%27en-tête\Libraries\Assimp</Filter>
    </ClInclude>
    <ClInclude Include="..\Includes\Libraries\assimp\BaseImporter.h">
      <Filter>Fichiers d%27en-tête\Libraries\Assimp</Filter>
    </ClInclude>
    <ClInclude Include="..\Includes\Libraries\assimp\Bitmap.h">
      <Filter>Fichiers d%27en-tête\Libraries\Assimp</Filter>
    </ClInclude>
    <ClInclude Include="..\Includes\Libraries\assimp\BlobIOSystem.h">
      <Filter>Fichiers d%27en-tête\Libraries\Assimp</Filter>
    </ClInclude>
    <ClInclude Include="..\Includes\Libraries\assimp\ByteSwapper.h">
      <Filter>Fichiers d%27en-tête\Libraries\Assimp</Filter>
    </ClInclude>
    <ClInclude Include="..\Includes\Libraries\assimp\camera.h">
      <Filter>Fichiers d%27en-tête\Libraries\Assimp</Filter>
    </ClInclude>
    <ClInclude Include="..\Includes\Libraries\assimp\cexport.h">
      <Filter>Fichiers d%27en-tête\Libraries\Assimp</Filter>
    </ClInclude>
    <ClInclude Include="..\Includes\Libraries\assimp\cfileio.h">
      <Filter>Fichiers d%27en-tête\Libraries\Assimp</Filter>
    </ClInclude>
    <ClInclude Include="..\Includes\Libraries\assimp\cimport.h">
      <Filter>Fichiers d%27en-tête\Libraries\Assimp</Filter>
    </ClInclude>
    <ClInclude Include="..\Includes\Libraries\assimp\color4.h">
      <Filter>Fichiers d%27en-tête\Libraries\Assimp</Filter>
    </ClInclude>
    <ClInclude Include="..\Includes\Libraries\assimp\config.h">
      <Filter>Fichiers d%27en-tête\Libraries\Assimp</Filter>
    </ClInclude>
    <ClInclude Include="..\Includes\Libraries\assimp\CreateAnimMesh.h">
      <Filter>Fichiers d%27en-tête\Libraries\Assimp</Filter>
    </ClInclude>
    <ClInclude Include="..\Includes\Libraries\assimp\DefaultIOStream.h">
      <Filter>Fichiers d%27en-tête\Libraries\Assimp</Filter>
    </ClInclude>
    <ClInclude Include="..\Includes\Libraries\assimp\DefaultIOSystem.h">
      <Filter>Fichiers d%27en-tête\Libraries\Assimp</Filter>
    </ClInclude>
    <ClInclude Include="..\Includes\Libraries\assimp\DefaultLogger.hpp">
      <Filter>Fichiers d%27en-tête\Libraries\Assimp</Filter>
    </ClInclude>
    <ClInclude Include="..\Includes\Libraries\assimp\Defines.h">
      <Filter>Fichiers d%27en-tête\Libraries\Assimp</Filter>
    </ClInclude>
    <ClInclude Include="..\Includes\Libraries\assimp\defs.h">
      <Filter>Fichiers d%27en-tête\Libraries\Assimp</Filter>
    </ClInclude>
    <ClInclude Include="..\Includes\Libraries\assimp\Exceptional.h">
      <Filter>Fichiers d%27en-tête\Libraries\Assimp</Filter>
    </ClInclude>
    <ClInclude Include="..\Includes\Libraries\assimp\Exporter.hpp">
      <Filter>Fichiers d%27en-tête\Libraries\Assimp</Filter>
    </ClInclude>
    <ClInclude Include="..\Includes\Libraries\assimp\fast_atof.h">
      <Filter>Fichiers d%27en-tête\Libraries\Assimp</Filter>
    </ClInclude>
    <ClInclude Include="..\Includes\Libraries\assimp\GenericProperty.h">
      <Filter>Fichiers d%27en-tête\Libraries\Assimp</Filter>
    </ClInclude>
    <ClInclude Include="..\Includes\Libraries\assimp\Hash.h">
      <Filter>Fichiers d%27en-tête\Libraries\Assimp</Filter>
    </ClInclude>
    <ClInclude Include="..\Includes\Libraries\assimp\Importer.hpp">
      <Filter>Fichiers d%27en-tête\Libraries\Assimp</Filter>
    </ClInclude>
    <ClInclude Include="..\Includes\Libraries\assimp\importerdesc.h">
      <Filter>Fichiers d%27en-tête\Libraries\Assimp</Filter>
    </ClInclude>
    <ClInclude Include="..\Includes\Libraries\assimp\IOStream.hpp">
      <Filter>Fichiers d%27en-tête\Libraries\Assimp</Filter>
    </ClInclude>
    <ClInclude Include="..\Includes\Libraries\assimp\IOStreamBuffer.h">
      <Filter>Fichiers d%27en-tête\Libraries\Assimp</Filter>
    </ClInclude>
    <ClInclude Include="..\Includes\Libraries\assimp\IOSystem.hpp">
      <Filter>Fichiers d%27en-tête\Libraries\Assimp</Filter>
    </ClInclude>
    <ClInclude Include="..\Includes\Libraries\assimp\irrXMLWrapper.h">
      <Filter>Fichiers d%27en-tête\Libraries\Assimp</Filter>
    </ClInclude>
    <ClInclude Include="..\Includes\Libraries\assimp\light.h">
      <Filter>Fichiers d%27en-tête\Libraries\Assimp</Filter>
    </ClInclude>
    <ClInclude Include="..\Includes\Libraries\assimp\LineSplitter.h">
      <Filter>Fichiers d%27en-tête\Libraries\Assimp</Filter>
    </ClInclude>
    <ClInclude Include="..\Includes\Libraries\assimp\LogAux.h">
      <Filter>Fichiers d%27en-tête\Libraries\Assimp</Filter>
    </ClInclude>
    <ClInclude Include="..\Includes\Libraries\assimp\Logger.hpp">
      <Filter>Fichiers d%27en-tête\Libraries\Assimp</Filter>
    </ClInclude>
    <ClInclude Include="..\Includes\Libraries\assimp\LogStream.hpp">
      <Filter>Fichiers d%27en-tête\Libraries\Assimp</Filter>
    </ClInclude>
    <ClInclude Include="..\Includes\Libraries\assimp\Macros.h">
      <Filter>Fichiers d%27en-tête\Libraries\Assimp</Filter>
    </ClInclude>
    <ClInclude Include="..\Includes\Libraries\assimp\material.h">
      <Filter>Fichiers d%27en-tête\Libraries\Assimp</Filter>
    </ClInclude>
    <ClInclude Include="..\Includes\Libraries\assimp\MathFunctions.h">
      <Filter>Fichiers d%27en-tête\Libraries\Assimp</Filter>
    </ClInclude>
    <ClInclude Include="..\Includes\Libraries\assimp\matrix3x3.h">
      <Filter>Fichiers d%27en-tête\Libraries\Assimp</Filter>
    </ClInclude>
    <ClInclude Include="..\Includes\Libraries\assimp\matrix4x4.h">
      <Filter>Fichiers d%27en-tête\Libraries\Assimp</Filter>
    </ClInclude>
    <ClInclude Include="..\Includes\Libraries\assimp\MemoryIOWrapper.h">
      <Filter>Fichiers d%27en-tête\Libraries\Assimp</Filter>
    </ClInclude>
    <ClInclude Include="..\Includes\Libraries\assimp\mesh.h">
      <Filter>Fichiers d%27en-tête\Libraries\Assimp</Filter>
    </ClInclude>
    <ClInclude Include="..\Includes\Libraries\assimp\metadata.h">
      <Filter>Fichiers d%27en-tête\Libraries\Assimp</Filter>
    </ClInclude>
    <ClInclude Include="..\Includes\Libraries\assimp\NullLogger.hpp">
      <Filter>Fichiers d%27en-tête\Libraries\Assimp</Filter>
    </ClInclude>
    <ClInclude Include="..\Includes\Libraries\assimp\ParsingUtils.h">
      <Filter>Fichiers d%27en-tête\Libraries\Assimp</Filter>
    </ClInclude>
    <ClInclude Include="..\Includes\Libraries\assimp\pbrmaterial.h">
      <Filter>Fichiers d%27en-tête\Libraries\Assimp</Filter>
    </ClInclude>
    <ClInclude Include="..\Includes\Libraries\assimp\postprocess.h">
      <Filter>Fichiers d%27en-tête\Libraries\Assimp</Filter>
    </ClInclude>
    <ClInclude Include="..\Includes\Libraries\assimp\Profiler.h">
      <Filter>Fichiers d%27en-tête\Libraries\Assimp</Filter>
    </ClInclude>
    <ClInclude Include="..\Includes\Libraries\assimp\ProgressHandler.hpp">
      <Filter>Fichiers d%27en-tête\Libraries\Assimp</Filter>
    </ClInclude>
    <ClInclude Include="..\Includes\Libraries\assimp\qnan.h">
      <Filter>Fichiers d%27en-tête\Libraries\Assimp</Filter>
    </ClInclude>
    <ClInclude Include="..\Includes\Libraries\assimp\quaternion.h">
      <Filter>Fichiers d%27en-tête\Libraries\Assimp</Filter>
    </ClInclude>
    <ClInclude Include="..\Includes\Libraries\assimp\RemoveComments.h">
      <Filter>Fichiers d%27en-tête\Libraries\Assimp</Filter>
    </ClInclude>
    <ClInclude Include="..\Includes\Libraries\assimp\scene.h">
      <Filter>Fichiers d%27en-tête\Libraries\Assimp</Filter>
    </ClInclude>
    <ClInclude Include="..\Includes\Libraries\assimp\SceneCombiner.h">
      <Filter>Fichiers d%27en-tête\Libraries\Assimp</Filter>
    </ClInclude>
    <ClInclude Include="..\Includes\Libraries\assimp\SGSpatialSort.h">
      <Filter>Fichiers d%27en-tête\Libraries\Assimp</Filter>
    </ClInclude>
    <ClInclude Include="..\Includes\Libraries\assimp\SkeletonMeshBuilder.h">
      <Filter>Fichiers d%27en-tête\Libraries\Assimp</Filter>
    </ClInclude>
    <ClInclude Include="..\Includes\Libraries\assimp\SmoothingGroups.h">
      <Filter>Fichiers d%27en-tête\Libraries\Assimp</Filter>
    </ClInclude>
    <ClInclude Include="..\Includes\Libraries\assimp\SpatialSort.h">
      <Filter>Fichiers d%27en-tête\Libraries\Assimp</Filter>
    </ClInclude>
    <ClInclude Include="..\Includes\Libraries\assimp\StandardShapes.h">
      <Filter>Fichiers d%27en-tête\Libraries\Assimp</Filter>
    </ClInclude>
    <ClInclude Include="..\Includes\Libraries\assimp\StreamReader.h">
      <Filter>Fichiers d%27en-tête\Libraries\Assimp</Filter>
    </ClInclude>
    <ClInclude Include="..\Includes\Libraries\assimp\StreamWriter.h">
      <Filter>Fichiers d%27en-tête\Libraries\Assimp</Filter>
    </ClInclude>
    <ClInclude Include="..\Includes\Libraries\assimp\StringComparison.h">
      <Filter>Fichiers d%27en-tête\Libraries\Assimp</Filter>
    </ClInclude>
    <ClInclude Include="..\Includes\Libraries\assimp\StringUtils.h">
      <Filter>Fichiers d%27en-tête\Libraries\Assimp</Filter>
    </ClInclude>
    <ClInclude Include="..\Includes\Libraries\assimp\Subdivision.h">
      <Filter>Fichiers d%27en-tête\Libraries\Assimp</Filter>
    </ClInclude>
    <ClInclude Include="..\Includes\Libraries\assimp\texture.h">
      <Filter>Fichiers d%27en-tête\Libraries\Assimp</Filter>
    </ClInclude>
    <ClInclude Include="..\Includes\Libraries\assimp\TinyFormatter.h">
      <Filter>Fichiers d%27en-tête\Libraries\Assimp</Filter>
    </ClInclude>
    <ClInclude Include="..\Includes\Libraries\assimp\types.h">
      <Filter>Fichiers d%27en-tête\Libraries\Assimp</Filter>
    </ClInclude>
    <ClInclude Include="..\Includes\Libraries\assimp\vector2.h">
      <Filter>Fichiers d%27en-tête\Libraries\Assimp</Filter>
    </ClInclude>
    <ClInclude Include="..\Includes\Libraries\assimp\vector3.h">
      <Filter>Fichiers d%27en-tête\Libraries\Assimp</Filter>
    </ClInclude>
    <ClInclude Include="..\Includes\Libraries\assimp\version.h">
      <Filter>Fichiers d%27en-tête\Libraries\Assimp</Filter>
    </ClInclude>
    <ClInclude Include="..\Includes\Libraries\assimp\Vertex.h">
      <Filter>Fichiers d%27en-tête\Libraries\Assimp</Filter>
    </ClInclude>
    <ClInclude Include="..\Includes\Libraries\assimp\XMLTools.h">
      <Filter>Fichiers d%27en-tête\Libraries\Assimp</Filter>
    </ClInclude>
    <ClInclude Include="..\Includes\Libraries\assimp\ZipArchiveIOSystem.h">
      <Filter>Fichiers d%27en-tête\Libraries\Assimp</Filter>
    </ClInclude>
    <ClInclude Include="..\Includes\Libraries\assimp\Compiler\poppack1.h">
      <Filter>Fichiers d%27en-tête\Libraries\Assimp\Compiler</Filter>
    </ClInclude>
    <ClInclude Include="..\Includes\Libraries\assimp\Compiler\pstdint.h">
      <Filter>Fichiers d%27en-tête\Libraries\Assimp\Compiler</Filter>
    </ClInclude>
    <ClInclude Include="..\Includes\Libraries\assimp\Compiler\pushpack1.h">
      <Filter>Fichiers d%27en-tête\Libraries\Assimp\Compiler</Filter>
    </ClInclude>
    <ClInclude Include="..\Includes\Libraries\assimp\port\AndroidJNI\AndroidJNIIOSystem.h">
      <Filter>Fichiers d%27en-tête\Libraries\Assimp\port\AndroidJNI</Filter>
    </ClInclude>
    <ClInclude Include="..\Includes\Libraries\Cereal\access.hpp">
      <Filter>Fichiers d%27en-tête\Libraries\Cereal</Filter>
    </ClInclude>
    <ClInclude Include="..\Includes\Libraries\Cereal\cereal.hpp">
      <Filter>Fichiers d%27en-tête\Libraries\Cereal</Filter>
    </ClInclude>
    <ClInclude Include="..\Includes\Libraries\Cereal\macros.hpp">
      <Filter>Fichiers d%27en-tête\Libraries\Cereal</Filter>
    </ClInclude>
    <ClInclude Include="..\Includes\Libraries\Cereal\specialize.hpp">
      <Filter>Fichiers d%27en-tête\Libraries\Cereal</Filter>
    </ClInclude>
    <ClInclude Include="..\Includes\Libraries\Cereal\version.hpp">
      <Filter>Fichiers d%27en-tête\Libraries\Cereal</Filter>
    </ClInclude>
    <ClInclude Include="..\Includes\Libraries\Cereal\archives\adapters.hpp">
      <Filter>Fichiers d%27en-tête\Libraries\Cereal\archives</Filter>
    </ClInclude>
    <ClInclude Include="..\Includes\Libraries\Cereal\archives\binary.hpp">
      <Filter>Fichiers d%27en-tête\Libraries\Cereal\archives</Filter>
    </ClInclude>
    <ClInclude Include="..\Includes\Libraries\Cereal\archives\json.hpp">
      <Filter>Fichiers d%27en-tête\Libraries\Cereal\archives</Filter>
    </ClInclude>
    <ClInclude Include="..\Includes\Libraries\Cereal\archives\portable_binary.hpp">
      <Filter>Fichiers d%27en-tête\Libraries\Cereal\archives</Filter>
    </ClInclude>
    <ClInclude Include="..\Includes\Libraries\Cereal\archives\xml.hpp">
      <Filter>Fichiers d%27en-tête\Libraries\Cereal\archives</Filter>
    </ClInclude>
    <ClInclude Include="..\Includes\Libraries\Cereal\details\helpers.hpp">
      <Filter>Fichiers d%27en-tête\Libraries\Cereal\details</Filter>
    </ClInclude>
    <ClInclude Include="..\Includes\Libraries\Cereal\details\polymorphic_impl.hpp">
      <Filter>Fichiers d%27en-tête\Libraries\Cereal\details</Filter>
    </ClInclude>
    <ClInclude Include="..\Includes\Libraries\Cereal\details\polymorphic_impl_fwd.hpp">
      <Filter>Fichiers d%27en-tête\Libraries\Cereal\details</Filter>
    </ClInclude>
    <ClInclude Include="..\Includes\Libraries\Cereal\details\static_object.hpp">
      <Filter>Fichiers d%27en-tête\Libraries\Cereal\details</Filter>
    </ClInclude>
    <ClInclude Include="..\Includes\Libraries\Cereal\details\traits.hpp">
      <Filter>Fichiers d%27en-tête\Libraries\Cereal\details</Filter>
    </ClInclude>
    <ClInclude Include="..\Includes\Libraries\Cereal\details\util.hpp">
      <Filter>Fichiers d%27en-tête\Libraries\Cereal\details</Filter>
    </ClInclude>
    <ClInclude Include="..\Includes\Libraries\Cereal\external\base64.hpp">
      <Filter>Fichiers d%27en-tête\Libraries\Cereal\external</Filter>
    </ClInclude>
    <ClInclude Include="..\Includes\Libraries\Cereal\external\rapidjson\allocators.h">
      <Filter>Fichiers d%27en-tête\Libraries\Cereal\external\rapidjson</Filter>
    </ClInclude>
    <ClInclude Include="..\Includes\Libraries\Cereal\external\rapidjson\cursorstreamwrapper.h">
      <Filter>Fichiers d%27en-tête\Libraries\Cereal\external\rapidjson</Filter>
    </ClInclude>
    <ClInclude Include="..\Includes\Libraries\Cereal\external\rapidjson\document.h">
      <Filter>Fichiers d%27en-tête\Libraries\Cereal\external\rapidjson</Filter>
    </ClInclude>
    <ClInclude Include="..\Includes\Libraries\Cereal\external\rapidjson\encodedstream.h">
      <Filter>Fichiers d%27en-tête\Libraries\Cereal\external\rapidjson</Filter>
    </ClInclude>
    <ClInclude Include="..\Includes\Libraries\Cereal\external\rapidjson\encodings.h">
      <Filter>Fichiers d%27en-tête\Libraries\Cereal\external\rapidjson</Filter>
    </ClInclude>
    <ClInclude Include="..\Includes\Libraries\Cereal\external\rapidjson\filereadstream.h">
      <Filter>Fichiers d%27en-tête\Libraries\Cereal\external\rapidjson</Filter>
    </ClInclude>
    <ClInclude Include="..\Includes\Libraries\Cereal\external\rapidjson\filewritestream.h">
      <Filter>Fichiers d%27en-tête\Libraries\Cereal\external\rapidjson</Filter>
    </ClInclude>
    <ClInclude Include="..\Includes\Libraries\Cereal\external\rapidjson\fwd.h">
      <Filter>Fichiers d%27en-tête\Libraries\Cereal\external\rapidjson</Filter>
    </ClInclude>
    <ClInclude Include="..\Includes\Libraries\Cereal\external\rapidjson\istreamwrapper.h">
      <Filter>Fichiers d%27en-tête\Libraries\Cereal\external\rapidjson</Filter>
    </ClInclude>
    <ClInclude Include="..\Includes\Libraries\Cereal\external\rapidjson\memorybuffer.h">
      <Filter>Fichiers d%27en-tête\Libraries\Cereal\external\rapidjson</Filter>
    </ClInclude>
    <ClInclude Include="..\Includes\Libraries\Cereal\external\rapidjson\memorystream.h">
      <Filter>Fichiers d%27en-tête\Libraries\Cereal\external\rapidjson</Filter>
    </ClInclude>
    <ClInclude Include="..\Includes\Libraries\Cereal\external\rapidjson\ostreamwrapper.h">
      <Filter>Fichiers d%27en-tête\Libraries\Cereal\external\rapidjson</Filter>
    </ClInclude>
    <ClInclude Include="..\Includes\Libraries\Cereal\external\rapidjson\pointer.h">
      <Filter>Fichiers d%27en-tête\Libraries\Cereal\external\rapidjson</Filter>
    </ClInclude>
    <ClInclude Include="..\Includes\Libraries\Cereal\external\rapidjson\prettywriter.h">
      <Filter>Fichiers d%27en-tête\Libraries\Cereal\external\rapidjson</Filter>
    </ClInclude>
    <ClInclude Include="..\Includes\Libraries\Cereal\external\rapidjson\rapidjson.h">
      <Filter>Fichiers d%27en-tête\Libraries\Cereal\external\rapidjson</Filter>
    </ClInclude>
    <ClInclude Include="..\Includes\Libraries\Cereal\external\rapidjson\reader.h">
      <Filter>Fichiers d%27en-tête\Libraries\Cereal\external\rapidjson</Filter>
    </ClInclude>
    <ClInclude Include="..\Includes\Libraries\Cereal\external\rapidjson\schema.h">
      <Filter>Fichiers d%27en-tête\Libraries\Cereal\external\rapidjson</Filter>
    </ClInclude>
    <ClInclude Include="..\Includes\Libraries\Cereal\external\rapidjson\stream.h">
      <Filter>Fichiers d%27en-tête\Libraries\Cereal\external\rapidjson</Filter>
    </ClInclude>
    <ClInclude Include="..\Includes\Libraries\Cereal\external\rapidjson\stringbuffer.h">
      <Filter>Fichiers d%27en-tête\Libraries\Cereal\external\rapidjson</Filter>
    </ClInclude>
    <ClInclude Include="..\Includes\Libraries\Cereal\external\rapidjson\writer.h">
      <Filter>Fichiers d%27en-tête\Libraries\Cereal\external\rapidjson</Filter>
    </ClInclude>
    <ClInclude Include="..\Includes\Libraries\Cereal\external\rapidjson\error\en.h">
      <Filter>Fichiers d%27en-tête\Libraries\Cereal\external\rapidjson\error</Filter>
    </ClInclude>
    <ClInclude Include="..\Includes\Libraries\Cereal\external\rapidjson\error\error.h">
      <Filter>Fichiers d%27en-tête\Libraries\Cereal\external\rapidjson\error</Filter>
    </ClInclude>
    <ClInclude Include="..\Includes\Libraries\Cereal\external\rapidjson\internal\biginteger.h">
      <Filter>Fichiers d%27en-tête\Libraries\Cereal\external\rapidjson\internal</Filter>
    </ClInclude>
    <ClInclude Include="..\Includes\Libraries\Cereal\external\rapidjson\internal\diyfp.h">
      <Filter>Fichiers d%27en-tête\Libraries\Cereal\external\rapidjson\internal</Filter>
    </ClInclude>
    <ClInclude Include="..\Includes\Libraries\Cereal\external\rapidjson\internal\dtoa.h">
      <Filter>Fichiers d%27en-tête\Libraries\Cereal\external\rapidjson\internal</Filter>
    </ClInclude>
    <ClInclude Include="..\Includes\Libraries\Cereal\external\rapidjson\internal\ieee754.h">
      <Filter>Fichiers d%27en-tête\Libraries\Cereal\external\rapidjson\internal</Filter>
    </ClInclude>
    <ClInclude Include="..\Includes\Libraries\Cereal\external\rapidjson\internal\itoa.h">
      <Filter>Fichiers d%27en-tête\Libraries\Cereal\external\rapidjson\internal</Filter>
    </ClInclude>
    <ClInclude Include="..\Includes\Libraries\Cereal\external\rapidjson\internal\meta.h">
      <Filter>Fichiers d%27en-tête\Libraries\Cereal\external\rapidjson\internal</Filter>
    </ClInclude>
    <ClInclude Include="..\Includes\Libraries\Cereal\external\rapidjson\internal\pow10.h">
      <Filter>Fichiers d%27en-tête\Libraries\Cereal\external\rapidjson\internal</Filter>
    </ClInclude>
    <ClInclude Include="..\Includes\Libraries\Cereal\external\rapidjson\internal\regex.h">
      <Filter>Fichiers d%27en-tête\Libraries\Cereal\external\rapidjson\internal</Filter>
    </ClInclude>
    <ClInclude Include="..\Includes\Libraries\Cereal\external\rapidjson\internal\stack.h">
      <Filter>Fichiers d%27en-tête\Libraries\Cereal\external\rapidjson\internal</Filter>
    </ClInclude>
    <ClInclude Include="..\Includes\Libraries\Cereal\external\rapidjson\internal\strfunc.h">
      <Filter>Fichiers d%27en-tête\Libraries\Cereal\external\rapidjson\internal</Filter>
    </ClInclude>
    <ClInclude Include="..\Includes\Libraries\Cereal\external\rapidjson\internal\strtod.h">
      <Filter>Fichiers d%27en-tête\Libraries\Cereal\external\rapidjson\internal</Filter>
    </ClInclude>
    <ClInclude Include="..\Includes\Libraries\Cereal\external\rapidjson\internal\swap.h">
      <Filter>Fichiers d%27en-tête\Libraries\Cereal\external\rapidjson\internal</Filter>
    </ClInclude>
    <ClInclude Include="..\Includes\Libraries\Cereal\external\rapidjson\msinttypes\inttypes.h">
      <Filter>Fichiers d%27en-tête\Libraries\Cereal\external\rapidjson\msinttypes</Filter>
    </ClInclude>
    <ClInclude Include="..\Includes\Libraries\Cereal\external\rapidjson\msinttypes\stdint.h">
      <Filter>Fichiers d%27en-tête\Libraries\Cereal\external\rapidjson\msinttypes</Filter>
    </ClInclude>
    <ClInclude Include="..\Includes\Libraries\Cereal\external\rapidxml\rapidxml.hpp">
      <Filter>Fichiers d%27en-tête\Libraries\Cereal\external\rapidxml</Filter>
    </ClInclude>
    <ClInclude Include="..\Includes\Libraries\Cereal\external\rapidxml\rapidxml_iterators.hpp">
      <Filter>Fichiers d%27en-tête\Libraries\Cereal\external\rapidxml</Filter>
    </ClInclude>
    <ClInclude Include="..\Includes\Libraries\Cereal\external\rapidxml\rapidxml_print.hpp">
      <Filter>Fichiers d%27en-tête\Libraries\Cereal\external\rapidxml</Filter>
    </ClInclude>
    <ClInclude Include="..\Includes\Libraries\Cereal\external\rapidxml\rapidxml_utils.hpp">
      <Filter>Fichiers d%27en-tête\Libraries\Cereal\external\rapidxml</Filter>
    </ClInclude>
    <ClInclude Include="..\Includes\Libraries\Cereal\types\array.hpp">
      <Filter>Fichiers d%27en-tête\Libraries\Cereal\types</Filter>
    </ClInclude>
    <ClInclude Include="..\Includes\Libraries\Cereal\types\atomic.hpp">
      <Filter>Fichiers d%27en-tête\Libraries\Cereal\types</Filter>
    </ClInclude>
    <ClInclude Include="..\Includes\Libraries\Cereal\types\base_class.hpp">
      <Filter>Fichiers d%27en-tête\Libraries\Cereal\types</Filter>
    </ClInclude>
    <ClInclude Include="..\Includes\Libraries\Cereal\types\bitset.hpp">
      <Filter>Fichiers d%27en-tête\Libraries\Cereal\types</Filter>
    </ClInclude>
    <ClInclude Include="..\Includes\Libraries\Cereal\types\boost_variant.hpp">
      <Filter>Fichiers d%27en-tête\Libraries\Cereal\types</Filter>
    </ClInclude>
    <ClInclude Include="..\Includes\Libraries\Cereal\types\chrono.hpp">
      <Filter>Fichiers d%27en-tête\Libraries\Cereal\types</Filter>
    </ClInclude>
    <ClInclude Include="..\Includes\Libraries\Cereal\types\common.hpp">
      <Filter>Fichiers d%27en-tête\Libraries\Cereal\types</Filter>
    </ClInclude>
    <ClInclude Include="..\Includes\Libraries\Cereal\types\complex.hpp">
      <Filter>Fichiers d%27en-tête\Libraries\Cereal\types</Filter>
    </ClInclude>
    <ClInclude Include="..\Includes\Libraries\Cereal\types\deque.hpp">
      <Filter>Fichiers d%27en-tête\Libraries\Cereal\types</Filter>
    </ClInclude>
    <ClInclude Include="..\Includes\Libraries\Cereal\types\forward_list.hpp">
      <Filter>Fichiers d%27en-tête\Libraries\Cereal\types</Filter>
    </ClInclude>
    <ClInclude Include="..\Includes\Libraries\Cereal\types\functional.hpp">
      <Filter>Fichiers d%27en-tête\Libraries\Cereal\types</Filter>
    </ClInclude>
    <ClInclude Include="..\Includes\Libraries\Cereal\types\list.hpp">
      <Filter>Fichiers d%27en-tête\Libraries\Cereal\types</Filter>
    </ClInclude>
    <ClInclude Include="..\Includes\Libraries\Cereal\types\map.hpp">
      <Filter>Fichiers d%27en-tête\Libraries\Cereal\types</Filter>
    </ClInclude>
    <ClInclude Include="..\Includes\Libraries\Cereal\types\memory.hpp">
      <Filter>Fichiers d%27en-tête\Libraries\Cereal\types</Filter>
    </ClInclude>
    <ClInclude Include="..\Includes\Libraries\Cereal\types\optional.hpp">
      <Filter>Fichiers d%27en-tête\Libraries\Cereal\types</Filter>
    </ClInclude>
    <ClInclude Include="..\Includes\Libraries\Cereal\types\polymorphic.hpp">
      <Filter>Fichiers d%27en-tête\Libraries\Cereal\types</Filter>
    </ClInclude>
    <ClInclude Include="..\Includes\Libraries\Cereal\types\queue.hpp">
      <Filter>Fichiers d%27en-tête\Libraries\Cereal\types</Filter>
    </ClInclude>
    <ClInclude Include="..\Includes\Libraries\Cereal\types\set.hpp">
      <Filter>Fichiers d%27en-tête\Libraries\Cereal\types</Filter>
    </ClInclude>
    <ClInclude Include="..\Includes\Libraries\Cereal\types\stack.hpp">
      <Filter>Fichiers d%27en-tête\Libraries\Cereal\types</Filter>
    </ClInclude>
    <ClInclude Include="..\Includes\Libraries\Cereal\types\string.hpp">
      <Filter>Fichiers d%27en-tête\Libraries\Cereal\types</Filter>
    </ClInclude>
    <ClInclude Include="..\Includes\Libraries\Cereal\types\tuple.hpp">
      <Filter>Fichiers d%27en-tête\Libraries\Cereal\types</Filter>
    </ClInclude>
    <ClInclude Include="..\Includes\Libraries\Cereal\types\unordered_map.hpp">
      <Filter>Fichiers d%27en-tête\Libraries\Cereal\types</Filter>
    </ClInclude>
    <ClInclude Include="..\Includes\Libraries\Cereal\types\unordered_set.hpp">
      <Filter>Fichiers d%27en-tête\Libraries\Cereal\types</Filter>
    </ClInclude>
    <ClInclude Include="..\Includes\Libraries\Cereal\types\utility.hpp">
      <Filter>Fichiers d%27en-tête\Libraries\Cereal\types</Filter>
    </ClInclude>
    <ClInclude Include="..\Includes\Libraries\Cereal\types\valarray.hpp">
      <Filter>Fichiers d%27en-tête\Libraries\Cereal\types</Filter>
    </ClInclude>
    <ClInclude Include="..\Includes\Libraries\Cereal\types\variant.hpp">
      <Filter>Fichiers d%27en-tête\Libraries\Cereal\types</Filter>
    </ClInclude>
    <ClInclude Include="..\Includes\Libraries\Cereal\types\vector.hpp">
      <Filter>Fichiers d%27en-tête\Libraries\Cereal\types</Filter>
    </ClInclude>
    <ClInclude Include="..\Includes\Libraries\Cereal\types\concepts\pair_associative_container.hpp">
      <Filter>Fichiers d%27en-tête\Libraries\Cereal\types\concepts</Filter>
    </ClInclude>
    <ClInclude Include="..\Includes\Libraries\rttr\access_levels.h">
      <Filter>Fichiers d%27en-tête\Libraries\rttr</Filter>
    </ClInclude>
    <ClInclude Include="..\Includes\Libraries\rttr\argument.h">
      <Filter>Fichiers d%27en-tête\Libraries\rttr</Filter>
    </ClInclude>
    <ClInclude Include="..\Includes\Libraries\rttr\array_range.h">
      <Filter>Fichiers d%27en-tête\Libraries\rttr</Filter>
    </ClInclude>
    <ClInclude Include="..\Includes\Libraries\rttr\associative_mapper.h">
      <Filter>Fichiers d%27en-tête\Libraries\rttr</Filter>
    </ClInclude>
    <ClInclude Include="..\Includes\Libraries\rttr\constructor.h">
      <Filter>Fichiers d%27en-tête\Libraries\rttr</Filter>
    </ClInclude>
    <ClInclude Include="..\Includes\Libraries\rttr\destructor.h">
      <Filter>Fichiers d%27en-tête\Libraries\rttr</Filter>
    </ClInclude>
    <ClInclude Include="..\Includes\Libraries\rttr\enumeration.h">
      <Filter>Fichiers d%27en-tête\Libraries\rttr</Filter>
    </ClInclude>
    <ClInclude Include="..\Includes\Libraries\rttr\enum_flags.h">
      <Filter>Fichiers d%27en-tête\Libraries\rttr</Filter>
    </ClInclude>
    <ClInclude Include="..\Includes\Libraries\rttr\filter_item.h">
      <Filter>Fichiers d%27en-tête\Libraries\rttr</Filter>
    </ClInclude>
    <ClInclude Include="..\Includes\Libraries\rttr\instance.h">
      <Filter>Fichiers d%27en-tête\Libraries\rttr</Filter>
    </ClInclude>
    <ClInclude Include="..\Includes\Libraries\rttr\library.h">
      <Filter>Fichiers d%27en-tête\Libraries\rttr</Filter>
    </ClInclude>
    <ClInclude Include="..\Includes\Libraries\rttr\method.h">
      <Filter>Fichiers d%27en-tête\Libraries\rttr</Filter>
    </ClInclude>
    <ClInclude Include="..\Includes\Libraries\rttr\parameter_info.h">
      <Filter>Fichiers d%27en-tête\Libraries\rttr</Filter>
    </ClInclude>
    <ClInclude Include="..\Includes\Libraries\rttr\policy.h">
      <Filter>Fichiers d%27en-tête\Libraries\rttr</Filter>
    </ClInclude>
    <ClInclude Include="..\Includes\Libraries\rttr\property.h">
      <Filter>Fichiers d%27en-tête\Libraries\rttr</Filter>
    </ClInclude>
    <ClInclude Include="..\Includes\Libraries\rttr\registration.h">
      <Filter>Fichiers d%27en-tête\Libraries\rttr</Filter>
    </ClInclude>
    <ClInclude Include="..\Includes\Libraries\rttr\registration_friend.h">
      <Filter>Fichiers d%27en-tête\Libraries\rttr</Filter>
    </ClInclude>
    <ClInclude Include="..\Includes\Libraries\rttr\rttr_cast.h">
      <Filter>Fichiers d%27en-tête\Libraries\rttr</Filter>
    </ClInclude>
    <ClInclude Include="..\Includes\Libraries\rttr\rttr_enable.h">
      <Filter>Fichiers d%27en-tête\Libraries\rttr</Filter>
    </ClInclude>
    <ClInclude Include="..\Includes\Libraries\rttr\sequential_mapper.h">
      <Filter>Fichiers d%27en-tête\Libraries\rttr</Filter>
    </ClInclude>
    <ClInclude Include="..\Includes\Libraries\rttr\string_view.h">
      <Filter>Fichiers d%27en-tête\Libraries\rttr</Filter>
    </ClInclude>
    <ClInclude Include="..\Includes\Libraries\rttr\type.h">
      <Filter>Fichiers d%27en-tête\Libraries\rttr</Filter>
    </ClInclude>
    <ClInclude Include="..\Includes\Libraries\rttr\type_list.h">
      <Filter>Fichiers d%27en-tête\Libraries\rttr</Filter>
    </ClInclude>
    <ClInclude Include="..\Includes\Libraries\rttr\variant.h">
      <Filter>Fichiers d%27en-tête\Libraries\rttr</Filter>
    </ClInclude>
    <ClInclude Include="..\Includes\Libraries\rttr\variant_associative_view.h">
      <Filter>Fichiers d%27en-tête\Libraries\rttr</Filter>
    </ClInclude>
    <ClInclude Include="..\Includes\Libraries\rttr\variant_sequential_view.h">
      <Filter>Fichiers d%27en-tête\Libraries\rttr</Filter>
    </ClInclude>
    <ClInclude Include="..\Includes\Libraries\rttr\visitor.h">
      <Filter>Fichiers d%27en-tête\Libraries\rttr</Filter>
    </ClInclude>
    <ClInclude Include="..\Includes\Libraries\rttr\wrapper_mapper.h">
      <Filter>Fichiers d%27en-tête\Libraries\rttr</Filter>
    </ClInclude>
    <ClInclude Include="..\Includes\Libraries\rttr\detail\base\core_prerequisites.h">
      <Filter>Fichiers d%27en-tête\Libraries\rttr\detail\base</Filter>
    </ClInclude>
    <ClInclude Include="..\Includes\Libraries\rttr\detail\base\version.h">
      <Filter>Fichiers d%27en-tête\Libraries\rttr\detail\base</Filter>
    </ClInclude>
    <ClInclude Include="..\Includes\Libraries\rttr\detail\comparison\comparable_types.h">
      <Filter>Fichiers d%27en-tête\Libraries\rttr\detail\comparison</Filter>
    </ClInclude>
    <ClInclude Include="..\Includes\Libraries\rttr\detail\comparison\compare_array_equal.h">
      <Filter>Fichiers d%27en-tête\Libraries\rttr\detail\comparison</Filter>
    </ClInclude>
    <ClInclude Include="..\Includes\Libraries\rttr\detail\comparison\compare_array_equal_impl.h">
      <Filter>Fichiers d%27en-tête\Libraries\rttr\detail\comparison</Filter>
    </ClInclude>
    <ClInclude Include="..\Includes\Libraries\rttr\detail\comparison\compare_array_less.h">
      <Filter>Fichiers d%27en-tête\Libraries\rttr\detail\comparison</Filter>
    </ClInclude>
    <ClInclude Include="..\Includes\Libraries\rttr\detail\comparison\compare_array_less_impl.h">
      <Filter>Fichiers d%27en-tête\Libraries\rttr\detail\comparison</Filter>
    </ClInclude>
    <ClInclude Include="..\Includes\Libraries\rttr\detail\comparison\compare_equal.h">
      <Filter>Fichiers d%27en-tête\Libraries\rttr\detail\comparison</Filter>
    </ClInclude>
    <ClInclude Include="..\Includes\Libraries\rttr\detail\comparison\compare_equal_impl.h">
      <Filter>Fichiers d%27en-tête\Libraries\rttr\detail\comparison</Filter>
    </ClInclude>
    <ClInclude Include="..\Includes\Libraries\rttr\detail\comparison\compare_less.h">
      <Filter>Fichiers d%27en-tête\Libraries\rttr\detail\comparison</Filter>
    </ClInclude>
    <ClInclude Include="..\Includes\Libraries\rttr\detail\comparison\compare_less_impl.h">
      <Filter>Fichiers d%27en-tête\Libraries\rttr\detail\comparison</Filter>
    </ClInclude>
    <ClInclude Include="..\Includes\Libraries\rttr\detail\constructor\constructor_invoker.h">
      <Filter>Fichiers d%27en-tête\Libraries\rttr\detail\constructor</Filter>
    </ClInclude>
    <ClInclude Include="..\Includes\Libraries\rttr\detail\constructor\constructor_wrapper.h">
      <Filter>Fichiers d%27en-tête\Libraries\rttr\detail\constructor</Filter>
    </ClInclude>
    <ClInclude Include="..\Includes\Libraries\rttr\detail\constructor\constructor_wrapper_base.h">
      <Filter>Fichiers d%27en-tête\Libraries\rttr\detail\constructor</Filter>
    </ClInclude>
    <ClInclude Include="..\Includes\Libraries\rttr\detail\constructor\constructor_wrapper_defaults.h">
      <Filter>Fichiers d%27en-tête\Libraries\rttr\detail\constructor</Filter>
    </ClInclude>
    <ClInclude Include="..\Includes\Libraries\rttr\detail\conversion\number_conversion.h">
      <Filter>Fichiers d%27en-tête\Libraries\rttr\detail\conversion</Filter>
    </ClInclude>
    <ClInclude Include="..\Includes\Libraries\rttr\detail\conversion\std_conversion_functions.h">
      <Filter>Fichiers d%27en-tête\Libraries\rttr\detail\conversion</Filter>
    </ClInclude>
    <ClInclude Include="..\Includes\Libraries\rttr\detail\default_arguments\default_arguments.h">
      <Filter>Fichiers d%27en-tête\Libraries\rttr\detail\default_arguments</Filter>
    </ClInclude>
    <ClInclude Include="..\Includes\Libraries\rttr\detail\default_arguments\invoke_with_defaults.h">
      <Filter>Fichiers d%27en-tête\Libraries\rttr\detail\default_arguments</Filter>
    </ClInclude>
    <ClInclude Include="..\Includes\Libraries\rttr\detail\destructor\destructor_wrapper.h">
      <Filter>Fichiers d%27en-tête\Libraries\rttr\detail\destructor</Filter>
    </ClInclude>
    <ClInclude Include="..\Includes\Libraries\rttr\detail\destructor\destructor_wrapper_base.h">
      <Filter>Fichiers d%27en-tête\Libraries\rttr\detail\destructor</Filter>
    </ClInclude>
    <ClInclude Include="..\Includes\Libraries\rttr\detail\enumeration\enumeration_helper.h">
      <Filter>Fichiers d%27en-tête\Libraries\rttr\detail\enumeration</Filter>
    </ClInclude>
    <ClInclude Include="..\Includes\Libraries\rttr\detail\enumeration\enumeration_wrapper.h">
      <Filter>Fichiers d%27en-tête\Libraries\rttr\detail\enumeration</Filter>
    </ClInclude>
    <ClInclude Include="..\Includes\Libraries\rttr\detail\enumeration\enumeration_wrapper_base.h">
      <Filter>Fichiers d%27en-tête\Libraries\rttr\detail\enumeration</Filter>
    </ClInclude>
    <ClInclude Include="..\Includes\Libraries\rttr\detail\enumeration\enum_data.h">
      <Filter>Fichiers d%27en-tête\Libraries\rttr\detail\enumeration</Filter>
    </ClInclude>
    <ClInclude Include="..\Includes\Libraries\rttr\detail\filter\filter_item_funcs.h">
      <Filter>Fichiers d%27en-tête\Libraries\rttr\detail\filter</Filter>
    </ClInclude>
    <ClInclude Include="..\Includes\Libraries\rttr\detail\impl\argument_impl.h">
      <Filter>Fichiers d%27en-tête\Libraries\rttr\detail\impl</Filter>
    </ClInclude>
    <ClInclude Include="..\Includes\Libraries\rttr\detail\impl\array_range_impl.h">
      <Filter>Fichiers d%27en-tête\Libraries\rttr\detail\impl</Filter>
    </ClInclude>
    <ClInclude Include="..\Includes\Libraries\rttr\detail\impl\associative_mapper_impl.h">
      <Filter>Fichiers d%27en-tête\Libraries\rttr\detail\impl</Filter>
    </ClInclude>
    <ClInclude Include="..\Includes\Libraries\rttr\detail\impl\enum_flags_impl.h">
      <Filter>Fichiers d%27en-tête\Libraries\rttr\detail\impl</Filter>
    </ClInclude>
    <ClInclude Include="..\Includes\Libraries\rttr\detail\impl\instance_impl.h">
      <Filter>Fichiers d%27en-tête\Libraries\rttr\detail\impl</Filter>
    </ClInclude>
    <ClInclude Include="..\Includes\Libraries\rttr\detail\impl\rttr_cast_impl.h">
      <Filter>Fichiers d%27en-tête\Libraries\rttr\detail\impl</Filter>
    </ClInclude>
    <ClInclude Include="..\Includes\Libraries\rttr\detail\impl\sequential_mapper_impl.h">
      <Filter>Fichiers d%27en-tête\Libraries\rttr\detail\impl</Filter>
    </ClInclude>
    <ClInclude Include="..\Includes\Libraries\rttr\detail\impl\string_view_impl.h">
      <Filter>Fichiers d%27en-tête\Libraries\rttr\detail\impl</Filter>
    </ClInclude>
    <ClInclude Include="..\Includes\Libraries\rttr\detail\impl\wrapper_mapper_impl.h">
      <Filter>Fichiers d%27en-tête\Libraries\rttr\detail\impl</Filter>
    </ClInclude>
    <ClInclude Include="..\Includes\Libraries\rttr\detail\metadata\metadata.h">
      <Filter>Fichiers d%27en-tête\Libraries\rttr\detail\metadata</Filter>
    </ClInclude>
    <ClInclude Include="..\Includes\Libraries\rttr\detail\metadata\metadata_handler.h">
      <Filter>Fichiers d%27en-tête\Libraries\rttr\detail\metadata</Filter>
    </ClInclude>
    <ClInclude Include="..\Includes\Libraries\rttr\detail\method\method_accessor.h">
      <Filter>Fichiers d%27en-tête\Libraries\rttr\detail\method</Filter>
    </ClInclude>
    <ClInclude Include="..\Includes\Libraries\rttr\detail\method\method_invoker.h">
      <Filter>Fichiers d%27en-tête\Libraries\rttr\detail\method</Filter>
    </ClInclude>
    <ClInclude Include="..\Includes\Libraries\rttr\detail\method\method_wrapper.h">
      <Filter>Fichiers d%27en-tête\Libraries\rttr\detail\method</Filter>
    </ClInclude>
    <ClInclude Include="..\Includes\Libraries\rttr\detail\method\method_wrapper_base.h">
      <Filter>Fichiers d%27en-tête\Libraries\rttr\detail\method</Filter>
    </ClInclude>
    <ClInclude Include="..\Includes\Libraries\rttr\detail\misc\argument_extractor.h">
      <Filter>Fichiers d%27en-tête\Libraries\rttr\detail\misc</Filter>
    </ClInclude>
    <ClInclude Include="..\Includes\Libraries\rttr\detail\misc\argument_wrapper.h">
      <Filter>Fichiers d%27en-tête\Libraries\rttr\detail\misc</Filter>
    </ClInclude>
    <ClInclude Include="..\Includes\Libraries\rttr\detail\misc\class_item_mapper.h">
      <Filter>Fichiers d%27en-tête\Libraries\rttr\detail\misc</Filter>
    </ClInclude>
    <ClInclude Include="..\Includes\Libraries\rttr\detail\misc\data_address_container.h">
      <Filter>Fichiers d%27en-tête\Libraries\rttr\detail\misc</Filter>
    </ClInclude>
    <ClInclude Include="..\Includes\Libraries\rttr\detail\misc\flat_map.h">
      <Filter>Fichiers d%27en-tête\Libraries\rttr\detail\misc</Filter>
    </ClInclude>
    <ClInclude Include="..\Includes\Libraries\rttr\detail\misc\flat_multimap.h">
      <Filter>Fichiers d%27en-tête\Libraries\rttr\detail\misc</Filter>
    </ClInclude>
    <ClInclude Include="..\Includes\Libraries\rttr\detail\misc\function_traits.h">
      <Filter>Fichiers d%27en-tête\Libraries\rttr\detail\misc</Filter>
    </ClInclude>
    <ClInclude Include="..\Includes\Libraries\rttr\detail\misc\iterator_wrapper.h">
      <Filter>Fichiers d%27en-tête\Libraries\rttr\detail\misc</Filter>
    </ClInclude>
    <ClInclude Include="..\Includes\Libraries\rttr\detail\misc\misc_type_traits.h">
      <Filter>Fichiers d%27en-tête\Libraries\rttr\detail\misc</Filter>
    </ClInclude>
    <ClInclude Include="..\Includes\Libraries\rttr\detail\misc\register_wrapper_mapper_conversion.h">
      <Filter>Fichiers d%27en-tête\Libraries\rttr\detail\misc</Filter>
    </ClInclude>
    <ClInclude Include="..\Includes\Libraries\rttr\detail\misc\sequential_container_type_traits.h">
      <Filter>Fichiers d%27en-tête\Libraries\rttr\detail\misc</Filter>
    </ClInclude>
    <ClInclude Include="..\Includes\Libraries\rttr\detail\misc\std_type_traits.h">
      <Filter>Fichiers d%27en-tête\Libraries\rttr\detail\misc</Filter>
    </ClInclude>
    <ClInclude Include="..\Includes\Libraries\rttr\detail\misc\template_type_trait.h">
      <Filter>Fichiers d%27en-tête\Libraries\rttr\detail\misc</Filter>
    </ClInclude>
    <ClInclude Include="..\Includes\Libraries\rttr\detail\misc\template_type_trait_impl.h">
      <Filter>Fichiers d%27en-tête\Libraries\rttr\detail\misc</Filter>
    </ClInclude>
    <ClInclude Include="..\Includes\Libraries\rttr\detail\misc\utility.h">
      <Filter>Fichiers d%27en-tête\Libraries\rttr\detail\misc</Filter>
    </ClInclude>
    <ClInclude Include="..\Includes\Libraries\rttr\detail\variant\variant_compare.h">
      <Filter>Fichiers d%27en-tête\Libraries\rttr\detail\variant</Filter>
    </ClInclude>
    <ClInclude Include="..\Includes\Libraries\rttr\detail\variant\variant_data.h">
      <Filter>Fichiers d%27en-tête\Libraries\rttr\detail\variant</Filter>
    </ClInclude>
    <ClInclude Include="..\Includes\Libraries\rttr\detail\variant\variant_data_converter.h">
      <Filter>Fichiers d%27en-tête\Libraries\rttr\detail\variant</Filter>
    </ClInclude>
    <ClInclude Include="..\Includes\Libraries\rttr\detail\variant\variant_data_policy.h">
      <Filter>Fichiers d%27en-tête\Libraries\rttr\detail\variant</Filter>
    </ClInclude>
    <ClInclude Include="..\Includes\Libraries\rttr\detail\variant\variant_impl.h">
      <Filter>Fichiers d%27en-tête\Libraries\rttr\detail\variant</Filter>
    </ClInclude>
    <ClInclude Include="..\Includes\Libraries\rttr\detail\parameter_info\parameter_infos.h">
      <Filter>Fichiers d%27en-tête\Libraries\rttr\detail\parameter_info</Filter>
    </ClInclude>
    <ClInclude Include="..\Includes\Libraries\rttr\detail\parameter_info\parameter_infos_compare.h">
      <Filter>Fichiers d%27en-tête\Libraries\rttr\detail\parameter_info</Filter>
    </ClInclude>
    <ClInclude Include="..\Includes\Libraries\rttr\detail\parameter_info\parameter_info_wrapper.h">
      <Filter>Fichiers d%27en-tête\Libraries\rttr\detail\parameter_info</Filter>
    </ClInclude>
    <ClInclude Include="..\Includes\Libraries\rttr\detail\parameter_info\parameter_info_wrapper_base.h">
      <Filter>Fichiers d%27en-tête\Libraries\rttr\detail\parameter_info</Filter>
    </ClInclude>
    <ClInclude Include="..\Includes\Libraries\rttr\detail\parameter_info\parameter_names.h">
      <Filter>Fichiers d%27en-tête\Libraries\rttr\detail\parameter_info</Filter>
    </ClInclude>
    <ClInclude Include="..\Includes\Libraries\rttr\detail\type\accessor_type.h">
      <Filter>Fichiers d%27en-tête\Libraries\rttr\detail\type</Filter>
    </ClInclude>
    <ClInclude Include="..\Includes\Libraries\rttr\detail\type\base_classes.h">
      <Filter>Fichiers d%27en-tête\Libraries\rttr\detail\type</Filter>
    </ClInclude>
    <ClInclude Include="..\Includes\Libraries\rttr\detail\type\get_create_variant_func.h">
      <Filter>Fichiers d%27en-tête\Libraries\rttr\detail\type</Filter>
    </ClInclude>
    <ClInclude Include="..\Includes\Libraries\rttr\detail\type\get_derived_info_func.h">
      <Filter>Fichiers d%27en-tête\Libraries\rttr\detail\type</Filter>
    </ClInclude>
    <ClInclude Include="..\Includes\Libraries\rttr\detail\type\type_comparator.h">
      <Filter>Fichiers d%27en-tête\Libraries\rttr\detail\type</Filter>
    </ClInclude>
    <ClInclude Include="..\Includes\Libraries\rttr\detail\type\type_converter.h">
      <Filter>Fichiers d%27en-tête\Libraries\rttr\detail\type</Filter>
    </ClInclude>
    <ClInclude Include="..\Includes\Libraries\rttr\detail\type\type_data.h">
      <Filter>Fichiers d%27en-tête\Libraries\rttr\detail\type</Filter>
    </ClInclude>
    <ClInclude Include="..\Includes\Libraries\rttr\detail\type\type_impl.h">
      <Filter>Fichiers d%27en-tête\Libraries\rttr\detail\type</Filter>
    </ClInclude>
    <ClInclude Include="..\Includes\Libraries\rttr\detail\type\type_name.h">
      <Filter>Fichiers d%27en-tête\Libraries\rttr\detail\type</Filter>
    </ClInclude>
    <ClInclude Include="..\Includes\Libraries\rttr\detail\type\type_register.h">
      <Filter>Fichiers d%27en-tête\Libraries\rttr\detail\type</Filter>
    </ClInclude>
    <ClInclude Include="..\Includes\Libraries\rttr\detail\type\type_string_utils.h">
      <Filter>Fichiers d%27en-tête\Libraries\rttr\detail\type</Filter>
    </ClInclude>
    <ClInclude Include="..\Includes\Libraries\rttr\detail\registration\bind_impl.h">
      <Filter>Fichiers d%27en-tête\Libraries\rttr\detail\registration</Filter>
    </ClInclude>
    <ClInclude Include="..\Includes\Libraries\rttr\detail\registration\bind_types.h">
      <Filter>Fichiers d%27en-tête\Libraries\rttr\detail\registration</Filter>
    </ClInclude>
    <ClInclude Include="..\Includes\Libraries\rttr\detail\registration\register_base_class_from_accessor.h">
      <Filter>Fichiers d%27en-tête\Libraries\rttr\detail\registration</Filter>
    </ClInclude>
    <ClInclude Include="..\Includes\Libraries\rttr\detail\registration\registration_executer.h">
      <Filter>Fichiers d%27en-tête\Libraries\rttr\detail\registration</Filter>
    </ClInclude>
    <ClInclude Include="..\Includes\Libraries\rttr\detail\registration\registration_impl.h">
      <Filter>Fichiers d%27en-tête\Libraries\rttr\detail\registration</Filter>
    </ClInclude>
    <ClInclude Include="..\Includes\Libraries\rttr\detail\registration\registration_manager.h">
      <Filter>Fichiers d%27en-tête\Libraries\rttr\detail\registration</Filter>
    </ClInclude>
    <ClInclude Include="..\Includes\Libraries\rttr\detail\registration\registration_state_saver.h">
      <Filter>Fichiers d%27en-tête\Libraries\rttr\detail\registration</Filter>
    </ClInclude>
    <ClInclude Include="..\Includes\Libraries\rttr\detail\property\property_accessor.h">
      <Filter>Fichiers d%27en-tête\Libraries\rttr\detail\property</Filter>
    </ClInclude>
    <ClInclude Include="..\Includes\Libraries\rttr\detail\property\property_wrapper.h">
      <Filter>Fichiers d%27en-tête\Libraries\rttr\detail\property</Filter>
    </ClInclude>
    <ClInclude Include="..\Includes\Libraries\rttr\detail\property\property_wrapper_base.h">
      <Filter>Fichiers d%27en-tête\Libraries\rttr\detail\property</Filter>
    </ClInclude>
    <ClInclude Include="..\Includes\Libraries\rttr\detail\property\property_wrapper_func.h">
      <Filter>Fichiers d%27en-tête\Libraries\rttr\detail\property</Filter>
    </ClInclude>
    <ClInclude Include="..\Includes\Libraries\rttr\detail\property\property_wrapper_member_func.h">
      <Filter>Fichiers d%27en-tête\Libraries\rttr\detail\property</Filter>
    </ClInclude>
    <ClInclude Include="..\Includes\Libraries\rttr\detail\property\property_wrapper_member_object.h">
      <Filter>Fichiers d%27en-tête\Libraries\rttr\detail\property</Filter>
    </ClInclude>
    <ClInclude Include="..\Includes\Libraries\rttr\detail\property\property_wrapper_object.h">
      <Filter>Fichiers d%27en-tête\Libraries\rttr\detail\property</Filter>
    </ClInclude>
    <ClInclude Include="..\Includes\Libraries\rttr\detail\policies\ctor_policies.h">
      <Filter>Fichiers d%27en-tête\Libraries\rttr\detail\policies</Filter>
    </ClInclude>
    <ClInclude Include="..\Includes\Libraries\rttr\detail\policies\meth_policies.h">
      <Filter>Fichiers d%27en-tête\Libraries\rttr\detail\policies</Filter>
    </ClInclude>
    <ClInclude Include="..\Includes\Libraries\rttr\detail\policies\prop_policies.h">
      <Filter>Fichiers d%27en-tête\Libraries\rttr\detail\policies</Filter>
    </ClInclude>
    <ClInclude Include="..\Includes\Libraries\rttr\detail\variant_associative_view\variant_associative_view_creator.h">
      <Filter>Fichiers d%27en-tête\Libraries\rttr\detail\variant_associative_view</Filter>
    </ClInclude>
    <ClInclude Include="..\Includes\Libraries\rttr\detail\variant_associative_view\variant_associative_view_creator_impl.h">
      <Filter>Fichiers d%27en-tête\Libraries\rttr\detail\variant_associative_view</Filter>
    </ClInclude>
    <ClInclude Include="..\Includes\Libraries\rttr\detail\variant_associative_view\variant_associative_view_private.h">
      <Filter>Fichiers d%27en-tête\Libraries\rttr\detail\variant_associative_view</Filter>
    </ClInclude>
    <ClInclude Include="..\Includes\Libraries\rttr\detail\variant_sequential_view\variant_sequential_view_creator.h">
      <Filter>Fichiers d%27en-tête\Libraries\rttr\detail\variant_sequential_view</Filter>
    </ClInclude>
    <ClInclude Include="..\Includes\Libraries\rttr\detail\variant_sequential_view\variant_sequential_view_creator_impl.h">
      <Filter>Fichiers d%27en-tête\Libraries\rttr\detail\variant_sequential_view</Filter>
    </ClInclude>
    <ClInclude Include="..\Includes\Libraries\rttr\detail\variant_sequential_view\variant_sequential_view_private.h">
      <Filter>Fichiers d%27en-tête\Libraries\rttr\detail\variant_sequential_view</Filter>
    </ClInclude>
    <ClInclude Include="..\Includes\Libraries\rttr\detail\visitor\constructor_visitor_invoker.h">
      <Filter>Fichiers d%27en-tête\Libraries\rttr\detail\visitor</Filter>
    </ClInclude>
    <ClInclude Include="..\Includes\Libraries\rttr\detail\visitor\create_type_visitor_func.h">
      <Filter>Fichiers d%27en-tête\Libraries\rttr\detail\visitor</Filter>
    </ClInclude>
    <ClInclude Include="..\Includes\Libraries\rttr\detail\visitor\create_type_visitor_func_impl.h">
      <Filter>Fichiers d%27en-tête\Libraries\rttr\detail\visitor</Filter>
    </ClInclude>
    <ClInclude Include="..\Includes\Libraries\rttr\detail\visitor\method_visitor_invoker.h">
      <Filter>Fichiers d%27en-tête\Libraries\rttr\detail\visitor</Filter>
    </ClInclude>
    <ClInclude Include="..\Includes\Libraries\rttr\detail\visitor\property_visitor_invoker.h">
      <Filter>Fichiers d%27en-tête\Libraries\rttr\detail\visitor</Filter>
    </ClInclude>
    <ClInclude Include="..\Includes\Libraries\rttr\detail\visitor\type_visitor_invoker.h">
      <Filter>Fichiers d%27en-tête\Libraries\rttr\detail\visitor</Filter>
    </ClInclude>
    <ClInclude Include="..\Includes\Libraries\rttr\detail\visitor\visitor_impl.h">
      <Filter>Fichiers d%27en-tête\Libraries\rttr\detail\visitor</Filter>
    </ClInclude>
    <ClInclude Include="..\Includes\Libraries\rttr\detail\visitor\visitor_iterator.h">
      <Filter>Fichiers d%27en-tête\Libraries\rttr\detail\visitor</Filter>
    </ClInclude>
    <ClInclude Include="..\Includes\Libraries\rttr\detail\visitor\visitor_registration.h">
      <Filter>Fichiers d%27en-tête\Libraries\rttr\detail\visitor</Filter>
    </ClInclude>
    <ClInclude Include="..\Includes\Libraries\GL\eglew.h">
      <Filter>Fichiers d%27en-tête\Libraries\GL</Filter>
    </ClInclude>
    <ClInclude Include="..\Includes\Libraries\GL\glew.h">
      <Filter>Fichiers d%27en-tête\Libraries\GL</Filter>
    </ClInclude>
    <ClInclude Include="..\Includes\Libraries\GL\glxew.h">
      <Filter>Fichiers d%27en-tête\Libraries\GL</Filter>
    </ClInclude>
    <ClInclude Include="..\Includes\Libraries\GL\wglew.h">
      <Filter>Fichiers d%27en-tête\Libraries\GL</Filter>
    </ClInclude>
    <ClInclude Include="..\Includes\Libraries\GLFW\glfw3.h">
      <Filter>Fichiers d%27en-tête\Libraries\GLFW</Filter>
    </ClInclude>
    <ClInclude Include="..\Includes\Libraries\GLFW\glfw3native.h">
      <Filter>Fichiers d%27en-tête\Libraries\GLFW</Filter>
    </ClInclude>
  </ItemGroup>
  <ItemGroup>
    <None Include="..\Includes\Maths\Mat.inl">
      <Filter>Fichiers d%27en-tête\Maths</Filter>
    </None>
    <None Include="..\Includes\Maths\Mat4.inl">
      <Filter>Fichiers d%27en-tête\Maths</Filter>
    </None>
    <None Include="..\Includes\Maths\Quaternion.inl">
      <Filter>Fichiers d%27en-tête\Maths</Filter>
    </None>
    <None Include="..\Includes\Maths\Vec2.inl">
      <Filter>Fichiers d%27en-tête\Maths</Filter>
    </None>
    <None Include="..\Includes\Maths\Vec3.inl">
      <Filter>Fichiers d%27en-tête\Maths</Filter>
    </None>
    <None Include="..\Includes\Maths\Vec4.inl">
      <Filter>Fichiers d%27en-tête\Maths</Filter>
    </None>
    <None Include="..\Includes\Libraries\assimp\.editorconfig">
      <Filter>Fichiers d%27en-tête\Libraries\Assimp</Filter>
    </None>
    <None Include="..\Includes\Libraries\assimp\color4.inl">
      <Filter>Fichiers d%27en-tête\Libraries\Assimp</Filter>
    </None>
    <None Include="..\Includes\Libraries\assimp\config.h.in">
      <Filter>Fichiers d%27en-tête\Libraries\Assimp</Filter>
    </None>
    <None Include="..\Includes\Libraries\assimp\material.inl">
      <Filter>Fichiers d%27en-tête\Libraries\Assimp</Filter>
    </None>
    <None Include="..\Includes\Libraries\assimp\matrix3x3.inl">
      <Filter>Fichiers d%27en-tête\Libraries\Assimp</Filter>
    </None>
    <None Include="..\Includes\Libraries\assimp\matrix4x4.inl">
      <Filter>Fichiers d%27en-tête\Libraries\Assimp</Filter>
    </None>
    <None Include="..\Includes\Libraries\assimp\quaternion.inl">
      <Filter>Fichiers d%27en-tête\Libraries\Assimp</Filter>
    </None>
    <None Include="..\Includes\Libraries\assimp\SmoothingGroups.inl">
      <Filter>Fichiers d%27en-tête\Libraries\Assimp</Filter>
    </None>
    <None Include="..\Includes\Libraries\assimp\vector2.inl">
      <Filter>Fichiers d%27en-tête\Libraries\Assimp</Filter>
    </None>
    <None Include="..\Includes\Libraries\assimp\vector3.inl">
      <Filter>Fichiers d%27en-tête\Libraries\Assimp</Filter>
    </None>
    <None Include="..\Includes\Libraries\Cereal\external\rapidxml\manual.html">
      <Filter>Fichiers d%27en-tête\Libraries\Cereal\external\rapidxml</Filter>
    </None>
    <None Include="..\Includes\Libraries\rttr\registration">
      <Filter>Fichiers d%27en-tête\Libraries\rttr</Filter>
    </None>
    <None Include="..\Includes\Libraries\rttr\registration_friend">
      <Filter>Fichiers d%27en-tête\Libraries\rttr</Filter>
    </None>
    <None Include="..\Includes\Libraries\rttr\type">
      <Filter>Fichiers d%27en-tête\Libraries\rttr</Filter>
    </None>
  </ItemGroup>
  <ItemGroup>
    <Text Include="..\Includes\Libraries\Cereal\external\rapidxml\license.txt">
      <Filter>Fichiers d%27en-tête\Libraries\Cereal\external\rapidxml</Filter>
    </Text>
  </ItemGroup>
</Project>